// !$*UTF8*$!
{
	archiveVersion = 1;
	classes = {
	};
	objectVersion = 45;
	objects = {

/* Begin PBXBuildFile section */
		514E9E12081EC6B8009B8CD9 /* GetMetadataForFile.c in Sources */ = {isa = PBXBuildFile; fileRef = 514E9E10081EC6B8009B8CD9 /* GetMetadataForFile.c */; };
		514E9E13081EC6B8009B8CD9 /* main.c in Sources */ = {isa = PBXBuildFile; fileRef = 514E9E11081EC6B8009B8CD9 /* main.c */; };
		514E9E2E081EC793009B8CD9 /* CoreServices.framework in Frameworks */ = {isa = PBXBuildFile; fileRef = 514E9E2D081EC793009B8CD9 /* CoreServices.framework */; };
		514EA010081EC7AA009B8CD9 /* Foundation.framework in Frameworks */ = {isa = PBXBuildFile; fileRef = 2A37F4C5FDCFA73011CA2CEA /* Foundation.framework */; };
		514EA011081EC7AB009B8CD9 /* CoreData.framework in Frameworks */ = {isa = PBXBuildFile; fileRef = 7788DA0506752A1600599AAD /* CoreData.framework */; };
		514EA015081EC7C3009B8CD9 /* CoreFoundation.framework in Frameworks */ = {isa = PBXBuildFile; fileRef = 514EA014081EC7C3009B8CD9 /* CoreFoundation.framework */; };
		514EA082081ECB54009B8CD9 /* Spark.mdimporter in CopyFiles */ = {isa = PBXBuildFile; fileRef = 514E9DF9081EBF9C009B8CD9 /* Spark.mdimporter */; };
		775DFF38067A968500C5B868 /* Cocoa.framework in Frameworks */ = {isa = PBXBuildFile; fileRef = 1058C7A7FEA54F5311CA2CBB /* Cocoa.framework */; };
		C9217F7F112116CB00401AD4 /* Cocoa.framework in Frameworks */ = {isa = PBXBuildFile; fileRef = 1058C7A7FEA54F5311CA2CBB /* Cocoa.framework */; };
		C92188E3112735AE00401AD4 /* OpenGL.framework in Frameworks */ = {isa = PBXBuildFile; fileRef = C97D081A1043A1F000F6BBCC /* OpenGL.framework */; };
		C9218E1411299BAB00401AD4 /* BWToolkitFramework.framework in CopyFiles */ = {isa = PBXBuildFile; fileRef = C9F8FA3210420E9500CFE30A /* BWToolkitFramework.framework */; };
		C9218E4E11299BFF00401AD4 /* BWToolkitFramework.framework in Frameworks */ = {isa = PBXBuildFile; fileRef = C9F8FA3210420E9500CFE30A /* BWToolkitFramework.framework */; };
		C9219196112FB9F300401AD4 /* SparkViewerAppDelegate.m in Sources */ = {isa = PBXBuildFile; fileRef = C9219193112FB9F300401AD4 /* SparkViewerAppDelegate.m */; };
		C9219197112FB9F300401AD4 /* SPGerberParser.m in Sources */ = {isa = PBXBuildFile; fileRef = C9219195112FB9F300401AD4 /* SPGerberParser.m */; };
		C92191D7112FBB3900401AD4 /* SPGerberParserBasicTest.m in Sources */ = {isa = PBXBuildFile; fileRef = C92191A7112FBA5800401AD4 /* SPGerberParserBasicTest.m */; };
		C92191D8112FBB3C00401AD4 /* MockGerberParserDelegate.m in Sources */ = {isa = PBXBuildFile; fileRef = C92191A5112FBA5800401AD4 /* MockGerberParserDelegate.m */; };
		C92191D9112FBB4A00401AD4 /* Cocoa.framework in Frameworks */ = {isa = PBXBuildFile; fileRef = 1058C7A7FEA54F5311CA2CBB /* Cocoa.framework */; };
		C92191F2112FBD8500401AD4 /* SPGerberParser.m in Sources */ = {isa = PBXBuildFile; fileRef = C9219195112FB9F300401AD4 /* SPGerberParser.m */; };
		C92191FB112FBDC400401AD4 /* PFGerberApertureDefinition.m in Sources */ = {isa = PBXBuildFile; fileRef = C9219135112FB8F400401AD4 /* PFGerberApertureDefinition.m */; };
		C92191FC112FBDC400401AD4 /* PFGerberApertureMacro.m in Sources */ = {isa = PBXBuildFile; fileRef = C9219137112FB8F400401AD4 /* PFGerberApertureMacro.m */; };
		C92191FD112FBDC400401AD4 /* PFGerberCoordinate.m in Sources */ = {isa = PBXBuildFile; fileRef = C9219139112FB8F400401AD4 /* PFGerberCoordinate.m */; };
		C92191FF112FBDC400401AD4 /* SPGerberFunctionCode.m in Sources */ = {isa = PBXBuildFile; fileRef = C921913D112FB8F400401AD4 /* SPGerberFunctionCode.m */; };
		C9219208112FBE9F00401AD4 /* NSScannerExtensions.m in Sources */ = {isa = PBXBuildFile; fileRef = C92190FB112FB8F300401AD4 /* NSScannerExtensions.m */; };
		C97D061C1042101600F6BBCC /* BWToolkitFramework.framework in CopyFiles */ = {isa = PBXBuildFile; fileRef = C9F8FA3210420E9500CFE30A /* BWToolkitFramework.framework */; };
		C97D081B1043A1F000F6BBCC /* OpenGL.framework in Frameworks */ = {isa = PBXBuildFile; fileRef = C97D081A1043A1F000F6BBCC /* OpenGL.framework */; };
		C9AFF7801130AFE3001AB3E9 /* SPGerberGCode.m in Sources */ = {isa = PBXBuildFile; fileRef = C9AFF77F1130AFE3001AB3E9 /* SPGerberGCode.m */; };
		C9AFF7A61130B22D001AB3E9 /* SPGerberDCode.m in Sources */ = {isa = PBXBuildFile; fileRef = C9AFF7A51130B22D001AB3E9 /* SPGerberDCode.m */; };
		C9AFF7AC1130B2BC001AB3E9 /* SPGerberMCode.m in Sources */ = {isa = PBXBuildFile; fileRef = C9AFF7AB1130B2BC001AB3E9 /* SPGerberMCode.m */; };
		C9AFF7B51130B3A2001AB3E9 /* SPGerberStatement.m in Sources */ = {isa = PBXBuildFile; fileRef = C9AFF7B41130B3A2001AB3E9 /* SPGerberStatement.m */; };
		C9AFF7F01130E801001AB3E9 /* SPGerberParameter.m in Sources */ = {isa = PBXBuildFile; fileRef = C9AFF7EF1130E801001AB3E9 /* SPGerberParameter.m */; };
		C9AFF7F31130E83D001AB3E9 /* PFGerberFormat.m in Sources */ = {isa = PBXBuildFile; fileRef = C9AFF7F21130E83D001AB3E9 /* PFGerberFormat.m */; };
		C9AFF7F81130E996001AB3E9 /* SPGerberParserTest.m in Sources */ = {isa = PBXBuildFile; fileRef = C9AFF7F71130E996001AB3E9 /* SPGerberParserTest.m */; };
		C9AFF7FB1130E9F4001AB3E9 /* SPGerberParserProtelTest.m in Sources */ = {isa = PBXBuildFile; fileRef = C9AFF7FA1130E9F4001AB3E9 /* SPGerberParserProtelTest.m */; };
		C9AFF80A1130EC47001AB3E9 /* SPGerberUnitMode.m in Sources */ = {isa = PBXBuildFile; fileRef = C9AFF8091130EC47001AB3E9 /* SPGerberUnitMode.m */; };
		C9AFF86F1130FDE4001AB3E9 /* SPGerberOffset.m in Sources */ = {isa = PBXBuildFile; fileRef = C9AFF86E1130FDE4001AB3E9 /* SPGerberOffset.m */; };
		C9AFF88411310078001AB3E9 /* SPGerberScaleFactor.m in Sources */ = {isa = PBXBuildFile; fileRef = C9AFF88311310078001AB3E9 /* SPGerberScaleFactor.m */; };
		C9AFF89111319074001AB3E9 /* SPGerberLayerName.m in Sources */ = {isa = PBXBuildFile; fileRef = C9AFF89011319074001AB3E9 /* SPGerberLayerName.m */; };
		C9AFF89411319101001AB3E9 /* SPGerberImagePolarity.m in Sources */ = {isa = PBXBuildFile; fileRef = C9AFF89311319101001AB3E9 /* SPGerberImagePolarity.m */; };
		C9AFF89911319225001AB3E9 /* SPGerberLayerPolarity.m in Sources */ = {isa = PBXBuildFile; fileRef = C9AFF89811319225001AB3E9 /* SPGerberLayerPolarity.m */; };
		C9AFF8BD113196D5001AB3E9 /* layer_name_with_no_star.gtl in Resources */ = {isa = PBXBuildFile; fileRef = C9AFF8BC113196D5001AB3E9 /* layer_name_with_no_star.gtl */; };
		C9AFF8DF11319FA2001AB3E9 /* PFGerberCoordinate.m in Sources */ = {isa = PBXBuildFile; fileRef = C9219139112FB8F400401AD4 /* PFGerberCoordinate.m */; };
		C9AFF8E011319FA9001AB3E9 /* SPGerberMCode.m in Sources */ = {isa = PBXBuildFile; fileRef = C9AFF7AB1130B2BC001AB3E9 /* SPGerberMCode.m */; };
		C9AFF8E111319FAC001AB3E9 /* SPGerberDCode.m in Sources */ = {isa = PBXBuildFile; fileRef = C9AFF7A51130B22D001AB3E9 /* SPGerberDCode.m */; };
		C9AFF8E211319FAF001AB3E9 /* SPGerberGCode.m in Sources */ = {isa = PBXBuildFile; fileRef = C9AFF77F1130AFE3001AB3E9 /* SPGerberGCode.m */; };
		C9AFF8E311319FB3001AB3E9 /* SPGerberFunctionCode.m in Sources */ = {isa = PBXBuildFile; fileRef = C921913D112FB8F400401AD4 /* SPGerberFunctionCode.m */; };
		C9AFF8E411319FCC001AB3E9 /* SPGerberParameter.m in Sources */ = {isa = PBXBuildFile; fileRef = C9AFF7EF1130E801001AB3E9 /* SPGerberParameter.m */; };
		C9AFF8E511319FCC001AB3E9 /* PFGerberFormat.m in Sources */ = {isa = PBXBuildFile; fileRef = C9AFF7F21130E83D001AB3E9 /* PFGerberFormat.m */; };
		C9AFF8E611319FCC001AB3E9 /* SPGerberUnitMode.m in Sources */ = {isa = PBXBuildFile; fileRef = C9AFF8091130EC47001AB3E9 /* SPGerberUnitMode.m */; };
		C9AFF8E711319FCC001AB3E9 /* SPGerberOffset.m in Sources */ = {isa = PBXBuildFile; fileRef = C9AFF86E1130FDE4001AB3E9 /* SPGerberOffset.m */; };
		C9AFF8E811319FCC001AB3E9 /* SPGerberScaleFactor.m in Sources */ = {isa = PBXBuildFile; fileRef = C9AFF88311310078001AB3E9 /* SPGerberScaleFactor.m */; };
		C9AFF8E911319FCC001AB3E9 /* SPGerberLayerName.m in Sources */ = {isa = PBXBuildFile; fileRef = C9AFF89011319074001AB3E9 /* SPGerberLayerName.m */; };
		C9AFF8EA11319FCC001AB3E9 /* SPGerberImagePolarity.m in Sources */ = {isa = PBXBuildFile; fileRef = C9AFF89311319101001AB3E9 /* SPGerberImagePolarity.m */; };
		C9AFF8EB11319FCC001AB3E9 /* SPGerberLayerPolarity.m in Sources */ = {isa = PBXBuildFile; fileRef = C9AFF89811319225001AB3E9 /* SPGerberLayerPolarity.m */; };
		C9AFF8EC11319FCC001AB3E9 /* PFGerberApertureDefinition.m in Sources */ = {isa = PBXBuildFile; fileRef = C9219135112FB8F400401AD4 /* PFGerberApertureDefinition.m */; };
		C9AFF8ED11319FCC001AB3E9 /* PFGerberApertureMacro.m in Sources */ = {isa = PBXBuildFile; fileRef = C9219137112FB8F400401AD4 /* PFGerberApertureMacro.m */; };
		C9AFF8F011319FDB001AB3E9 /* SPGerberStatement.m in Sources */ = {isa = PBXBuildFile; fileRef = C9AFF7B41130B3A2001AB3E9 /* SPGerberStatement.m */; };
		C9AFF8F111319FEB001AB3E9 /* main.m in Sources */ = {isa = PBXBuildFile; fileRef = C92191CD112FBAD800401AD4 /* main.m */; };
		C9AFF91E1131C043001AB3E9 /* SPViewerDocument.m in Sources */ = {isa = PBXBuildFile; fileRef = C9219152112FB8F400401AD4 /* SPViewerDocument.m */; };
		C9AFF9241131C06B001AB3E9 /* SPWindowController.m in Sources */ = {isa = PBXBuildFile; fileRef = C9219114112FB8F300401AD4 /* SPWindowController.m */; };
		C9AFF9251131C074001AB3E9 /* SPImportWindowController.m in Sources */ = {isa = PBXBuildFile; fileRef = C9219112112FB8F300401AD4 /* SPImportWindowController.m */; };
		C9AFF9261131C077001AB3E9 /* SPViewerWindowController.m in Sources */ = {isa = PBXBuildFile; fileRef = C921910E112FB8F300401AD4 /* SPViewerWindowController.m */; };
		C9AFF92C1131C0E9001AB3E9 /* SPProjectNode.m in Sources */ = {isa = PBXBuildFile; fileRef = C9219166112FB8F400401AD4 /* SPProjectNode.m */; };
		C9AFF93B1131C104001AB3E9 /* SPViewerDocument.xib in Resources */ = {isa = PBXBuildFile; fileRef = C9219176112FB8F400401AD4 /* SPViewerDocument.xib */; };
		C9AFF9461131C1BB001AB3E9 /* GraphicalController.m in Sources */ = {isa = PBXBuildFile; fileRef = C9219105112FB8F300401AD4 /* GraphicalController.m */; };
		C9AFF9471131C1BB001AB3E9 /* SparkCAMViewController.m in Sources */ = {isa = PBXBuildFile; fileRef = C9219109112FB8F300401AD4 /* SparkCAMViewController.m */; };
		C9AFF94B1131C1CD001AB3E9 /* SparkElementView.m in Sources */ = {isa = PBXBuildFile; fileRef = C9219184112FB8F400401AD4 /* SparkElementView.m */; };
		C9AFF94C1131C1CD001AB3E9 /* SparkOpenGLView.m in Sources */ = {isa = PBXBuildFile; fileRef = C9219186112FB8F400401AD4 /* SparkOpenGLView.m */; };
		C9AFF94D1131C1CD001AB3E9 /* SparkScrollView.m in Sources */ = {isa = PBXBuildFile; fileRef = C9219188112FB8F400401AD4 /* SparkScrollView.m */; };
		C9AFF94E1131C1D3001AB3E9 /* SPFacet.m in Sources */ = {isa = PBXBuildFile; fileRef = C9219180112FB8F400401AD4 /* SPFacet.m */; };
		C9C3257A1131CAC70044D3BC /* SparkViewerMainMenu.xib in Resources */ = {isa = PBXBuildFile; fileRef = C9219178112FB8F400401AD4 /* SparkViewerMainMenu.xib */; };
		C9C325841131CB2B0044D3BC /* Arc.m in Sources */ = {isa = PBXBuildFile; fileRef = C9219140112FB8F400401AD4 /* Arc.m */; };
		C9C325851131CB2B0044D3BC /* GraphicalRep.m in Sources */ = {isa = PBXBuildFile; fileRef = C9219142112FB8F400401AD4 /* GraphicalRep.m */; };
		C9C325861131CB2B0044D3BC /* Primitive.m in Sources */ = {isa = PBXBuildFile; fileRef = C9219144112FB8F400401AD4 /* Primitive.m */; };
		C9C325871131CB2B0044D3BC /* Quad.m in Sources */ = {isa = PBXBuildFile; fileRef = C9219146112FB8F400401AD4 /* Quad.m */; };
		C9C325891131CB2B0044D3BC /* DesignElement.m in Sources */ = {isa = PBXBuildFile; fileRef = C9219159112FB8F400401AD4 /* DesignElement.m */; };
		C9C3258A1131CB2B0044D3BC /* DesignSurface.m in Sources */ = {isa = PBXBuildFile; fileRef = C921915B112FB8F400401AD4 /* DesignSurface.m */; };
		C9C3258B1131CB2B0044D3BC /* FreeElement.m in Sources */ = {isa = PBXBuildFile; fileRef = C921915D112FB8F400401AD4 /* FreeElement.m */; };
		C9C325951131CB600044D3BC /* SparkDocument.xcdatamodel in Sources */ = {isa = PBXBuildFile; fileRef = C9219150112FB8F400401AD4 /* SparkDocument.xcdatamodel */; };
		C9C325C11131D5F40044D3BC /* SPPCBSublayerNode.m in Sources */ = {isa = PBXBuildFile; fileRef = C9C325C01131D5F40044D3BC /* SPPCBSublayerNode.m */; };
		C9C325C41131D6590044D3BC /* SPCAMTitleNode.m in Sources */ = {isa = PBXBuildFile; fileRef = C9C325C31131D6590044D3BC /* SPCAMTitleNode.m */; };
		C9C325FE1131DEC90044D3BC /* PCBLayer.m in Sources */ = {isa = PBXBuildFile; fileRef = C9C325FB1131DEC90044D3BC /* PCBLayer.m */; };
		C9C325FF1131DEC90044D3BC /* PCBSublayer.m in Sources */ = {isa = PBXBuildFile; fileRef = C9C325FD1131DEC90044D3BC /* PCBSublayer.m */; };
		C9C326111131DFDD0044D3BC /* SPPCBLayerNode.m in Sources */ = {isa = PBXBuildFile; fileRef = C9219162112FB8F400401AD4 /* SPPCBLayerNode.m */; };
		C9F8FA3310420E9500CFE30A /* BWToolkitFramework.framework in Frameworks */ = {isa = PBXBuildFile; fileRef = C9F8FA3210420E9500CFE30A /* BWToolkitFramework.framework */; };
/* End PBXBuildFile section */

/* Begin PBXContainerItemProxy section */
		514EA066081EC8BF009B8CD9 /* PBXContainerItemProxy */ = {
			isa = PBXContainerItemProxy;
			containerPortal = 2A37F4A9FDCFA73011CA2CEA /* Project object */;
			proxyType = 1;
			remoteGlobalIDString = 514E9DF8081EBF9C009B8CD9;
			remoteInfo = "Spark Spotlight Importer";
		};
/* End PBXContainerItemProxy section */

/* Begin PBXCopyFilesBuildPhase section */
		514EA07C081ECB3F009B8CD9 /* CopyFiles */ = {
			isa = PBXCopyFilesBuildPhase;
			buildActionMask = 2147483647;
			dstPath = ../Library/Spotlight;
			dstSubfolderSpec = 7;
			files = (
				514EA082081ECB54009B8CD9 /* Spark.mdimporter in CopyFiles */,
			);
			runOnlyForDeploymentPostprocessing = 0;
		};
		C9218E1311299BA600401AD4 /* CopyFiles */ = {
			isa = PBXCopyFilesBuildPhase;
			buildActionMask = 2147483647;
			dstPath = "";
			dstSubfolderSpec = 10;
			files = (
				C9218E1411299BAB00401AD4 /* BWToolkitFramework.framework in CopyFiles */,
			);
			runOnlyForDeploymentPostprocessing = 0;
		};
		C97D061B10420FFB00F6BBCC /* CopyFiles */ = {
			isa = PBXCopyFilesBuildPhase;
			buildActionMask = 2147483647;
			dstPath = "";
			dstSubfolderSpec = 10;
			files = (
				C97D061C1042101600F6BBCC /* BWToolkitFramework.framework in CopyFiles */,
			);
			runOnlyForDeploymentPostprocessing = 0;
		};
/* End PBXCopyFilesBuildPhase section */

/* Begin PBXFileReference section */
		1058C7A7FEA54F5311CA2CBB /* Cocoa.framework */ = {isa = PBXFileReference; lastKnownFileType = wrapper.framework; name = Cocoa.framework; path = /System/Library/Frameworks/Cocoa.framework; sourceTree = "<absolute>"; };
		2A37F4C4FDCFA73011CA2CEA /* AppKit.framework */ = {isa = PBXFileReference; lastKnownFileType = wrapper.framework; name = AppKit.framework; path = /System/Library/Frameworks/AppKit.framework; sourceTree = "<absolute>"; };
		2A37F4C5FDCFA73011CA2CEA /* Foundation.framework */ = {isa = PBXFileReference; lastKnownFileType = wrapper.framework; name = Foundation.framework; path = /System/Library/Frameworks/Foundation.framework; sourceTree = "<absolute>"; };
		514E9DF9081EBF9C009B8CD9 /* Spark.mdimporter */ = {isa = PBXFileReference; explicitFileType = wrapper.cfbundle; includeInIndex = 0; path = Spark.mdimporter; sourceTree = BUILT_PRODUCTS_DIR; };
		514E9DFA081EBF9C009B8CD9 /* Importer-Info.plist */ = {isa = PBXFileReference; lastKnownFileType = text.plist.xml; name = "Importer-Info.plist"; path = "Importer/Importer-Info.plist"; sourceTree = "<group>"; };
		514E9E10081EC6B8009B8CD9 /* GetMetadataForFile.c */ = {isa = PBXFileReference; explicitFileType = sourcecode.c.objc; fileEncoding = 30; name = GetMetadataForFile.c; path = Importer/GetMetadataForFile.c; sourceTree = "<group>"; };
		514E9E11081EC6B8009B8CD9 /* main.c */ = {isa = PBXFileReference; fileEncoding = 30; lastKnownFileType = sourcecode.c.c; name = main.c; path = Importer/main.c; sourceTree = "<group>"; };
		514E9E16081EC6D5009B8CD9 /* Importer Read Me.txt */ = {isa = PBXFileReference; fileEncoding = 30; lastKnownFileType = text; name = "Importer Read Me.txt"; path = "Importer/Importer Read Me.txt"; sourceTree = "<group>"; };
		514E9E2D081EC793009B8CD9 /* CoreServices.framework */ = {isa = PBXFileReference; lastKnownFileType = wrapper.framework; name = CoreServices.framework; path = /System/Library/Frameworks/CoreServices.framework; sourceTree = "<absolute>"; };
		514EA014081EC7C3009B8CD9 /* CoreFoundation.framework */ = {isa = PBXFileReference; lastKnownFileType = wrapper.framework; name = CoreFoundation.framework; path = /System/Library/Frameworks/CoreFoundation.framework; sourceTree = "<absolute>"; };
		7788DA0506752A1600599AAD /* CoreData.framework */ = {isa = PBXFileReference; lastKnownFileType = wrapper.framework; name = CoreData.framework; path = /System/Library/Frameworks/CoreData.framework; sourceTree = "<absolute>"; };
		8D15AC370486D014006FF6A4 /* Spark.app */ = {isa = PBXFileReference; explicitFileType = wrapper.application; includeInIndex = 0; path = Spark.app; sourceTree = BUILT_PRODUCTS_DIR; };
		C9217D30111F133D00401AD4 /* PCBFabTest.octest */ = {isa = PBXFileReference; explicitFileType = wrapper.cfbundle; includeInIndex = 0; path = PCBFabTest.octest; sourceTree = BUILT_PRODUCTS_DIR; };
		C9217F5F1121161000401AD4 /* SparkViewer.app */ = {isa = PBXFileReference; explicitFileType = wrapper.application; includeInIndex = 0; path = SparkViewer.app; sourceTree = BUILT_PRODUCTS_DIR; };
		C92190FA112FB8F300401AD4 /* NSScannerExtensions.h */ = {isa = PBXFileReference; fileEncoding = 4; lastKnownFileType = sourcecode.c.h; path = NSScannerExtensions.h; sourceTree = "<group>"; };
		C92190FB112FB8F300401AD4 /* NSScannerExtensions.m */ = {isa = PBXFileReference; fileEncoding = 4; lastKnownFileType = sourcecode.c.objc; path = NSScannerExtensions.m; sourceTree = "<group>"; };
		C92190FD112FB8F300401AD4 /* SparkDefinitionParser.h */ = {isa = PBXFileReference; fileEncoding = 4; lastKnownFileType = sourcecode.c.h; path = SparkDefinitionParser.h; sourceTree = "<group>"; };
		C92190FE112FB8F300401AD4 /* SparkDefinitionParser.m */ = {isa = PBXFileReference; fileEncoding = 4; lastKnownFileType = sourcecode.c.objc; path = SparkDefinitionParser.m; sourceTree = "<group>"; };
		C92190FF112FB8F300401AD4 /* SparkGerberRenderer.h */ = {isa = PBXFileReference; fileEncoding = 4; lastKnownFileType = sourcecode.c.h; path = SparkGerberRenderer.h; sourceTree = "<group>"; };
		C9219100112FB8F300401AD4 /* SparkGerberRenderer.m */ = {isa = PBXFileReference; fileEncoding = 4; lastKnownFileType = sourcecode.c.objc; path = SparkGerberRenderer.m; sourceTree = "<group>"; };
		C9219104112FB8F300401AD4 /* GraphicalController.h */ = {isa = PBXFileReference; fileEncoding = 4; lastKnownFileType = sourcecode.c.h; path = GraphicalController.h; sourceTree = "<group>"; };
		C9219105112FB8F300401AD4 /* GraphicalController.m */ = {isa = PBXFileReference; fileEncoding = 4; lastKnownFileType = sourcecode.c.objc; path = GraphicalController.m; sourceTree = "<group>"; };
		C9219106112FB8F300401AD4 /* SchematicController.h */ = {isa = PBXFileReference; fileEncoding = 4; lastKnownFileType = sourcecode.c.h; path = SchematicController.h; sourceTree = "<group>"; };
		C9219107112FB8F300401AD4 /* SchematicController.m */ = {isa = PBXFileReference; fileEncoding = 4; lastKnownFileType = sourcecode.c.objc; path = SchematicController.m; sourceTree = "<group>"; };
		C9219108112FB8F300401AD4 /* SparkCAMViewController.h */ = {isa = PBXFileReference; fileEncoding = 4; lastKnownFileType = sourcecode.c.h; path = SparkCAMViewController.h; sourceTree = "<group>"; };
		C9219109112FB8F300401AD4 /* SparkCAMViewController.m */ = {isa = PBXFileReference; fileEncoding = 4; lastKnownFileType = sourcecode.c.objc; path = SparkCAMViewController.m; sourceTree = "<group>"; };
		C921910B112FB8F300401AD4 /* SparkNewComponentWindowController.h */ = {isa = PBXFileReference; fileEncoding = 4; lastKnownFileType = sourcecode.c.h; path = SparkNewComponentWindowController.h; sourceTree = "<group>"; };
		C921910C112FB8F300401AD4 /* SparkNewComponentWindowController.m */ = {isa = PBXFileReference; fileEncoding = 4; lastKnownFileType = sourcecode.c.objc; path = SparkNewComponentWindowController.m; sourceTree = "<group>"; };
		C921910D112FB8F300401AD4 /* SPViewerWindowController.h */ = {isa = PBXFileReference; fileEncoding = 4; lastKnownFileType = sourcecode.c.h; path = SPViewerWindowController.h; sourceTree = "<group>"; };
		C921910E112FB8F300401AD4 /* SPViewerWindowController.m */ = {isa = PBXFileReference; fileEncoding = 4; lastKnownFileType = sourcecode.c.objc; path = SPViewerWindowController.m; sourceTree = "<group>"; };
		C921910F112FB8F300401AD4 /* SparkWindowController.h */ = {isa = PBXFileReference; fileEncoding = 4; lastKnownFileType = sourcecode.c.h; path = SparkWindowController.h; sourceTree = "<group>"; };
		C9219110112FB8F300401AD4 /* SparkWindowController.m */ = {isa = PBXFileReference; fileEncoding = 4; lastKnownFileType = sourcecode.c.objc; path = SparkWindowController.m; sourceTree = "<group>"; };
		C9219111112FB8F300401AD4 /* SPImportWindowController.h */ = {isa = PBXFileReference; fileEncoding = 4; lastKnownFileType = sourcecode.c.h; path = SPImportWindowController.h; sourceTree = "<group>"; };
		C9219112112FB8F300401AD4 /* SPImportWindowController.m */ = {isa = PBXFileReference; fileEncoding = 4; lastKnownFileType = sourcecode.c.objc; path = SPImportWindowController.m; sourceTree = "<group>"; };
		C9219113112FB8F300401AD4 /* SPWindowController.h */ = {isa = PBXFileReference; fileEncoding = 4; lastKnownFileType = sourcecode.c.h; path = SPWindowController.h; sourceTree = "<group>"; };
		C9219114112FB8F300401AD4 /* SPWindowController.m */ = {isa = PBXFileReference; fileEncoding = 4; lastKnownFileType = sourcecode.c.objc; path = SPWindowController.m; sourceTree = "<group>"; };
		C9219134112FB8F400401AD4 /* PFGerberApertureDefinition.h */ = {isa = PBXFileReference; fileEncoding = 4; lastKnownFileType = sourcecode.c.h; name = PFGerberApertureDefinition.h; path = Parameters/PFGerberApertureDefinition.h; sourceTree = "<group>"; };
		C9219135112FB8F400401AD4 /* PFGerberApertureDefinition.m */ = {isa = PBXFileReference; fileEncoding = 4; lastKnownFileType = sourcecode.c.objc; name = PFGerberApertureDefinition.m; path = Parameters/PFGerberApertureDefinition.m; sourceTree = "<group>"; };
		C9219136112FB8F400401AD4 /* PFGerberApertureMacro.h */ = {isa = PBXFileReference; fileEncoding = 4; lastKnownFileType = sourcecode.c.h; name = PFGerberApertureMacro.h; path = Parameters/PFGerberApertureMacro.h; sourceTree = "<group>"; };
		C9219137112FB8F400401AD4 /* PFGerberApertureMacro.m */ = {isa = PBXFileReference; fileEncoding = 4; lastKnownFileType = sourcecode.c.objc; name = PFGerberApertureMacro.m; path = Parameters/PFGerberApertureMacro.m; sourceTree = "<group>"; };
		C9219138112FB8F400401AD4 /* PFGerberCoordinate.h */ = {isa = PBXFileReference; fileEncoding = 4; lastKnownFileType = sourcecode.c.h; path = PFGerberCoordinate.h; sourceTree = "<group>"; };
		C9219139112FB8F400401AD4 /* PFGerberCoordinate.m */ = {isa = PBXFileReference; fileEncoding = 4; lastKnownFileType = sourcecode.c.objc; path = PFGerberCoordinate.m; sourceTree = "<group>"; };
		C921913C112FB8F400401AD4 /* SPGerberFunctionCode.h */ = {isa = PBXFileReference; fileEncoding = 4; lastKnownFileType = sourcecode.c.h; name = SPGerberFunctionCode.h; path = FunctionCodes/SPGerberFunctionCode.h; sourceTree = "<group>"; };
		C921913D112FB8F400401AD4 /* SPGerberFunctionCode.m */ = {isa = PBXFileReference; fileEncoding = 4; lastKnownFileType = sourcecode.c.objc; name = SPGerberFunctionCode.m; path = FunctionCodes/SPGerberFunctionCode.m; sourceTree = "<group>"; };
		C921913F112FB8F400401AD4 /* Arc.h */ = {isa = PBXFileReference; fileEncoding = 4; lastKnownFileType = sourcecode.c.h; path = Arc.h; sourceTree = "<group>"; };
		C9219140112FB8F400401AD4 /* Arc.m */ = {isa = PBXFileReference; fileEncoding = 4; lastKnownFileType = sourcecode.c.objc; path = Arc.m; sourceTree = "<group>"; };
		C9219141112FB8F400401AD4 /* GraphicalRep.h */ = {isa = PBXFileReference; fileEncoding = 4; lastKnownFileType = sourcecode.c.h; path = GraphicalRep.h; sourceTree = "<group>"; };
		C9219142112FB8F400401AD4 /* GraphicalRep.m */ = {isa = PBXFileReference; fileEncoding = 4; lastKnownFileType = sourcecode.c.objc; path = GraphicalRep.m; sourceTree = "<group>"; };
		C9219143112FB8F400401AD4 /* Primitive.h */ = {isa = PBXFileReference; fileEncoding = 4; lastKnownFileType = sourcecode.c.h; path = Primitive.h; sourceTree = "<group>"; };
		C9219144112FB8F400401AD4 /* Primitive.m */ = {isa = PBXFileReference; fileEncoding = 4; lastKnownFileType = sourcecode.c.objc; path = Primitive.m; sourceTree = "<group>"; };
		C9219145112FB8F400401AD4 /* Quad.h */ = {isa = PBXFileReference; fileEncoding = 4; lastKnownFileType = sourcecode.c.h; path = Quad.h; sourceTree = "<group>"; };
		C9219146112FB8F400401AD4 /* Quad.m */ = {isa = PBXFileReference; fileEncoding = 4; lastKnownFileType = sourcecode.c.objc; path = Quad.m; sourceTree = "<group>"; };
		C9219148112FB8F400401AD4 /* SparkComponent.h */ = {isa = PBXFileReference; fileEncoding = 4; lastKnownFileType = sourcecode.c.h; path = SparkComponent.h; sourceTree = "<group>"; };
		C9219149112FB8F400401AD4 /* SparkComponent.m */ = {isa = PBXFileReference; fileEncoding = 4; lastKnownFileType = sourcecode.c.objc; path = SparkComponent.m; sourceTree = "<group>"; };
		C921914A112FB8F400401AD4 /* Symbol.h */ = {isa = PBXFileReference; fileEncoding = 4; lastKnownFileType = sourcecode.c.h; path = Symbol.h; sourceTree = "<group>"; };
		C921914B112FB8F400401AD4 /* Symbol.m */ = {isa = PBXFileReference; fileEncoding = 4; lastKnownFileType = sourcecode.c.objc; path = Symbol.m; sourceTree = "<group>"; };
		C921914C112FB8F400401AD4 /* SymbolDefinition.h */ = {isa = PBXFileReference; fileEncoding = 4; lastKnownFileType = sourcecode.c.h; path = SymbolDefinition.h; sourceTree = "<group>"; };
		C921914D112FB8F400401AD4 /* SymbolDefinition.m */ = {isa = PBXFileReference; fileEncoding = 4; lastKnownFileType = sourcecode.c.objc; path = SymbolDefinition.m; sourceTree = "<group>"; };
		C921914E112FB8F400401AD4 /* SparkDocument.h */ = {isa = PBXFileReference; fileEncoding = 4; lastKnownFileType = sourcecode.c.h; name = SparkDocument.h; path = Documents/SparkDocument.h; sourceTree = "<group>"; };
		C921914F112FB8F400401AD4 /* SparkDocument.m */ = {isa = PBXFileReference; fileEncoding = 4; lastKnownFileType = sourcecode.c.objc; name = SparkDocument.m; path = Documents/SparkDocument.m; sourceTree = "<group>"; };
		C9219150112FB8F400401AD4 /* SparkDocument.xcdatamodel */ = {isa = PBXFileReference; fileEncoding = 4; lastKnownFileType = wrapper.xcdatamodel; name = SparkDocument.xcdatamodel; path = Documents/SparkDocument.xcdatamodel; sourceTree = "<group>"; };
		C9219151112FB8F400401AD4 /* SPViewerDocument.h */ = {isa = PBXFileReference; fileEncoding = 4; lastKnownFileType = sourcecode.c.h; name = SPViewerDocument.h; path = Documents/SPViewerDocument.h; sourceTree = "<group>"; };
		C9219152112FB8F400401AD4 /* SPViewerDocument.m */ = {isa = PBXFileReference; fileEncoding = 4; lastKnownFileType = sourcecode.c.objc; name = SPViewerDocument.m; path = Documents/SPViewerDocument.m; sourceTree = "<group>"; };
		C9219156112FB8F400401AD4 /* Definition.h */ = {isa = PBXFileReference; fileEncoding = 4; lastKnownFileType = sourcecode.c.h; path = Definition.h; sourceTree = "<group>"; };
		C9219157112FB8F400401AD4 /* Definition.m */ = {isa = PBXFileReference; fileEncoding = 4; lastKnownFileType = sourcecode.c.objc; path = Definition.m; sourceTree = "<group>"; };
		C9219158112FB8F400401AD4 /* DesignElement.h */ = {isa = PBXFileReference; fileEncoding = 4; lastKnownFileType = sourcecode.c.h; path = DesignElement.h; sourceTree = "<group>"; };
		C9219159112FB8F400401AD4 /* DesignElement.m */ = {isa = PBXFileReference; fileEncoding = 4; lastKnownFileType = sourcecode.c.objc; path = DesignElement.m; sourceTree = "<group>"; };
		C921915A112FB8F400401AD4 /* DesignSurface.h */ = {isa = PBXFileReference; fileEncoding = 4; lastKnownFileType = sourcecode.c.h; path = DesignSurface.h; sourceTree = "<group>"; };
		C921915B112FB8F400401AD4 /* DesignSurface.m */ = {isa = PBXFileReference; fileEncoding = 4; lastKnownFileType = sourcecode.c.objc; path = DesignSurface.m; sourceTree = "<group>"; };
		C921915C112FB8F400401AD4 /* FreeElement.h */ = {isa = PBXFileReference; fileEncoding = 4; lastKnownFileType = sourcecode.c.h; path = FreeElement.h; sourceTree = "<group>"; };
		C921915D112FB8F400401AD4 /* FreeElement.m */ = {isa = PBXFileReference; fileEncoding = 4; lastKnownFileType = sourcecode.c.objc; path = FreeElement.m; sourceTree = "<group>"; };
		C9219161112FB8F400401AD4 /* SPPCBLayerNode.h */ = {isa = PBXFileReference; fileEncoding = 4; lastKnownFileType = sourcecode.c.h; path = SPPCBLayerNode.h; sourceTree = "<group>"; };
		C9219162112FB8F400401AD4 /* SPPCBLayerNode.m */ = {isa = PBXFileReference; fileEncoding = 4; lastKnownFileType = sourcecode.c.objc; path = SPPCBLayerNode.m; sourceTree = "<group>"; };
		C9219163112FB8F400401AD4 /* SchematicNode.h */ = {isa = PBXFileReference; fileEncoding = 4; lastKnownFileType = sourcecode.c.h; path = SchematicNode.h; sourceTree = "<group>"; };
		C9219164112FB8F400401AD4 /* SchematicNode.m */ = {isa = PBXFileReference; fileEncoding = 4; lastKnownFileType = sourcecode.c.objc; path = SchematicNode.m; sourceTree = "<group>"; };
		C9219165112FB8F400401AD4 /* SPProjectNode.h */ = {isa = PBXFileReference; fileEncoding = 4; lastKnownFileType = sourcecode.c.h; path = SPProjectNode.h; sourceTree = "<group>"; };
		C9219166112FB8F400401AD4 /* SPProjectNode.m */ = {isa = PBXFileReference; fileEncoding = 4; lastKnownFileType = sourcecode.c.objc; path = SPProjectNode.m; sourceTree = "<group>"; };
		C9219168112FB8F400401AD4 /* Spark_Prefix.pch */ = {isa = PBXFileReference; fileEncoding = 4; lastKnownFileType = sourcecode.c.h; path = Spark_Prefix.pch; sourceTree = "<group>"; };
		C921916B112FB8F400401AD4 /* English */ = {isa = PBXFileReference; lastKnownFileType = text.rtf; name = English; path = English.lproj/Credits.rtf; sourceTree = "<group>"; };
		C921916D112FB8F400401AD4 /* English */ = {isa = PBXFileReference; lastKnownFileType = file.xib; name = English; path = English.lproj/ImportWindow.xib; sourceTree = "<group>"; };
		C921916F112FB8F400401AD4 /* English */ = {isa = PBXFileReference; fileEncoding = 4; lastKnownFileType = text.plist.strings; name = English; path = English.lproj/InfoPlist.strings; sourceTree = "<group>"; };
		C9219171112FB8F400401AD4 /* English */ = {isa = PBXFileReference; lastKnownFileType = file.xib; name = English; path = English.lproj/MainMenu.xib; sourceTree = "<group>"; };
		C9219173112FB8F400401AD4 /* English */ = {isa = PBXFileReference; lastKnownFileType = file.xib; name = English; path = English.lproj/NewComponent.xib; sourceTree = "<group>"; };
		C9219175112FB8F400401AD4 /* English */ = {isa = PBXFileReference; lastKnownFileType = file.xib; name = English; path = English.lproj/SparkDocument.xib; sourceTree = "<group>"; };
		C9219177112FB8F400401AD4 /* English */ = {isa = PBXFileReference; lastKnownFileType = file.xib; name = English; path = English.lproj/SPViewerDocument.xib; sourceTree = "<group>"; };
		C9219179112FB8F400401AD4 /* English */ = {isa = PBXFileReference; lastKnownFileType = file.xib; name = English; path = English.lproj/SparkViewerMainMenu.xib; sourceTree = "<group>"; };
		C921917B112FB8F400401AD4 /* Spark-Info.plist */ = {isa = PBXFileReference; fileEncoding = 4; lastKnownFileType = text.plist.xml; path = "Spark-Info.plist"; sourceTree = "<group>"; };
		C921917C112FB8F400401AD4 /* SparkViewer-Info.plist */ = {isa = PBXFileReference; fileEncoding = 4; lastKnownFileType = text.plist.xml; path = "SparkViewer-Info.plist"; sourceTree = "<group>"; };
		C921917E112FB8F400401AD4 /* SparkVisualization.h */ = {isa = PBXFileReference; fileEncoding = 4; lastKnownFileType = sourcecode.c.h; path = SparkVisualization.h; sourceTree = "<group>"; };
		C921917F112FB8F400401AD4 /* SPFacet.h */ = {isa = PBXFileReference; fileEncoding = 4; lastKnownFileType = sourcecode.c.h; path = SPFacet.h; sourceTree = "<group>"; };
		C9219180112FB8F400401AD4 /* SPFacet.m */ = {isa = PBXFileReference; fileEncoding = 4; lastKnownFileType = sourcecode.c.objc; path = SPFacet.m; sourceTree = "<group>"; };
		C9219181112FB8F400401AD4 /* SPGeometry.h */ = {isa = PBXFileReference; fileEncoding = 4; lastKnownFileType = sourcecode.c.h; path = SPGeometry.h; sourceTree = "<group>"; };
		C9219183112FB8F400401AD4 /* SparkElementView.h */ = {isa = PBXFileReference; fileEncoding = 4; lastKnownFileType = sourcecode.c.h; path = SparkElementView.h; sourceTree = "<group>"; };
		C9219184112FB8F400401AD4 /* SparkElementView.m */ = {isa = PBXFileReference; fileEncoding = 4; lastKnownFileType = sourcecode.c.objc; path = SparkElementView.m; sourceTree = "<group>"; };
		C9219185112FB8F400401AD4 /* SparkOpenGLView.h */ = {isa = PBXFileReference; fileEncoding = 4; lastKnownFileType = sourcecode.c.h; path = SparkOpenGLView.h; sourceTree = "<group>"; };
		C9219186112FB8F400401AD4 /* SparkOpenGLView.m */ = {isa = PBXFileReference; fileEncoding = 4; lastKnownFileType = sourcecode.c.objc; path = SparkOpenGLView.m; sourceTree = "<group>"; };
		C9219187112FB8F400401AD4 /* SparkScrollView.h */ = {isa = PBXFileReference; fileEncoding = 4; lastKnownFileType = sourcecode.c.h; path = SparkScrollView.h; sourceTree = "<group>"; };
		C9219188112FB8F400401AD4 /* SparkScrollView.m */ = {isa = PBXFileReference; fileEncoding = 4; lastKnownFileType = sourcecode.c.objc; path = SparkScrollView.m; sourceTree = "<group>"; };
		C9219192112FB9F300401AD4 /* SparkViewerAppDelegate.h */ = {isa = PBXFileReference; fileEncoding = 4; lastKnownFileType = sourcecode.c.h; path = SparkViewerAppDelegate.h; sourceTree = "<group>"; };
		C9219193112FB9F300401AD4 /* SparkViewerAppDelegate.m */ = {isa = PBXFileReference; fileEncoding = 4; lastKnownFileType = sourcecode.c.objc; path = SparkViewerAppDelegate.m; sourceTree = "<group>"; };
		C9219194112FB9F300401AD4 /* SPGerberParser.h */ = {isa = PBXFileReference; fileEncoding = 4; lastKnownFileType = sourcecode.c.h; path = SPGerberParser.h; sourceTree = "<group>"; };
		C9219195112FB9F300401AD4 /* SPGerberParser.m */ = {isa = PBXFileReference; fileEncoding = 4; lastKnownFileType = sourcecode.c.objc; path = SPGerberParser.m; sourceTree = "<group>"; };
		C92191A3112FBA5800401AD4 /* GerberParserTest-Info.plist */ = {isa = PBXFileReference; fileEncoding = 4; lastKnownFileType = text.plist.xml; path = "GerberParserTest-Info.plist"; sourceTree = "<group>"; };
		C92191A4112FBA5800401AD4 /* MockGerberParserDelegate.h */ = {isa = PBXFileReference; fileEncoding = 4; lastKnownFileType = sourcecode.c.h; path = MockGerberParserDelegate.h; sourceTree = "<group>"; };
		C92191A5112FBA5800401AD4 /* MockGerberParserDelegate.m */ = {isa = PBXFileReference; fileEncoding = 4; lastKnownFileType = sourcecode.c.objc; path = MockGerberParserDelegate.m; sourceTree = "<group>"; };
		C92191A6112FBA5800401AD4 /* SPGerberParserBasicTest.h */ = {isa = PBXFileReference; fileEncoding = 4; lastKnownFileType = sourcecode.c.h; path = SPGerberParserBasicTest.h; sourceTree = "<group>"; };
		C92191A7112FBA5800401AD4 /* SPGerberParserBasicTest.m */ = {isa = PBXFileReference; fileEncoding = 4; lastKnownFileType = sourcecode.c.objc; path = SPGerberParserBasicTest.m; sourceTree = "<group>"; };
		C92191AA112FBA5800401AD4 /* Break Out Board V2_7.TXT */ = {isa = PBXFileReference; fileEncoding = 4; lastKnownFileType = text; path = "Break Out Board V2_7.TXT"; sourceTree = "<group>"; };
		C92191AC112FBA5800401AD4 /* Break Out Board V2_7.apr */ = {isa = PBXFileReference; fileEncoding = 4; lastKnownFileType = text; path = "Break Out Board V2_7.apr"; sourceTree = "<group>"; };
		C92191AD112FBA5800401AD4 /* Break Out Board V2_7.DRR */ = {isa = PBXFileReference; fileEncoding = 4; lastKnownFileType = text; path = "Break Out Board V2_7.DRR"; sourceTree = "<group>"; };
		C92191AE112FBA5800401AD4 /* Break Out Board V2_7.GBL */ = {isa = PBXFileReference; fileEncoding = 4; lastKnownFileType = text; path = "Break Out Board V2_7.GBL"; sourceTree = "<group>"; };
		C92191AF112FBA5800401AD4 /* Break Out Board V2_7.GBO */ = {isa = PBXFileReference; fileEncoding = 4; lastKnownFileType = text; path = "Break Out Board V2_7.GBO"; sourceTree = "<group>"; };
		C92191B0112FBA5800401AD4 /* Break Out Board V2_7.GBS */ = {isa = PBXFileReference; fileEncoding = 4; lastKnownFileType = text; path = "Break Out Board V2_7.GBS"; sourceTree = "<group>"; };
		C92191B1112FBA5800401AD4 /* Break Out Board V2_7.GTO */ = {isa = PBXFileReference; fileEncoding = 4; lastKnownFileType = text; path = "Break Out Board V2_7.GTO"; sourceTree = "<group>"; };
		C92191B2112FBA5800401AD4 /* Break Out Board V2_7.GTS */ = {isa = PBXFileReference; fileEncoding = 4; lastKnownFileType = text; path = "Break Out Board V2_7.GTS"; sourceTree = "<group>"; };
		C92191B4112FBA5800401AD4 /* protel_output.GM1 */ = {isa = PBXFileReference; fileEncoding = 4; lastKnownFileType = text; path = protel_output.GM1; sourceTree = "<group>"; };
		C92191B5112FBA5800401AD4 /* protel_output.GTL */ = {isa = PBXFileReference; fileEncoding = 4; lastKnownFileType = text; path = protel_output.GTL; sourceTree = "<group>"; };
		C92191B7112FBA5800401AD4 /* aperture_macro.gtl */ = {isa = PBXFileReference; fileEncoding = 4; lastKnownFileType = text; path = aperture_macro.gtl; sourceTree = "<group>"; };
		C92191B8112FBA5800401AD4 /* basic_document.GTL */ = {isa = PBXFileReference; fileEncoding = 4; lastKnownFileType = text; path = basic_document.GTL; sourceTree = "<group>"; };
		C92191B9112FBA5800401AD4 /* basic_document_without_percents_on_each_line.gtl */ = {isa = PBXFileReference; fileEncoding = 4; lastKnownFileType = text; path = basic_document_without_percents_on_each_line.gtl; sourceTree = "<group>"; };
		C92191BA112FBA5800401AD4 /* image_polarity.gtl */ = {isa = PBXFileReference; fileEncoding = 4; lastKnownFileType = text; path = image_polarity.gtl; sourceTree = "<group>"; };
		C92191BB112FBA5800401AD4 /* layer_polarity.gtl */ = {isa = PBXFileReference; fileEncoding = 4; lastKnownFileType = text; path = layer_polarity.gtl; sourceTree = "<group>"; };
		C92191BC112FBA5800401AD4 /* single_arc_coordinate.GTL */ = {isa = PBXFileReference; fileEncoding = 4; lastKnownFileType = text; path = single_arc_coordinate.GTL; sourceTree = "<group>"; };
		C92191CD112FBAD800401AD4 /* main.m */ = {isa = PBXFileReference; fileEncoding = 4; lastKnownFileType = sourcecode.c.objc; path = main.m; sourceTree = "<group>"; };
		C92191CE112FBAD800401AD4 /* SparkViewer_Prefix.pch */ = {isa = PBXFileReference; fileEncoding = 4; lastKnownFileType = sourcecode.c.h; path = SparkViewer_Prefix.pch; sourceTree = "<group>"; };
		C92191DF112FBC1E00401AD4 /* SPFabrication.h */ = {isa = PBXFileReference; fileEncoding = 4; lastKnownFileType = sourcecode.c.h; path = SPFabrication.h; sourceTree = "<group>"; };
		C97D081A1043A1F000F6BBCC /* OpenGL.framework */ = {isa = PBXFileReference; lastKnownFileType = wrapper.framework; name = OpenGL.framework; path = /System/Library/Frameworks/OpenGL.framework; sourceTree = "<absolute>"; };
		C9AFF77E1130AFE3001AB3E9 /* SPGerberGCode.h */ = {isa = PBXFileReference; fileEncoding = 4; lastKnownFileType = sourcecode.c.h; name = SPGerberGCode.h; path = FunctionCodes/SPGerberGCode.h; sourceTree = "<group>"; };
		C9AFF77F1130AFE3001AB3E9 /* SPGerberGCode.m */ = {isa = PBXFileReference; fileEncoding = 4; lastKnownFileType = sourcecode.c.objc; name = SPGerberGCode.m; path = FunctionCodes/SPGerberGCode.m; sourceTree = "<group>"; };
		C9AFF7A41130B22D001AB3E9 /* SPGerberDCode.h */ = {isa = PBXFileReference; fileEncoding = 4; lastKnownFileType = sourcecode.c.h; name = SPGerberDCode.h; path = FunctionCodes/SPGerberDCode.h; sourceTree = "<group>"; };
		C9AFF7A51130B22D001AB3E9 /* SPGerberDCode.m */ = {isa = PBXFileReference; fileEncoding = 4; lastKnownFileType = sourcecode.c.objc; name = SPGerberDCode.m; path = FunctionCodes/SPGerberDCode.m; sourceTree = "<group>"; };
		C9AFF7AA1130B2BC001AB3E9 /* SPGerberMCode.h */ = {isa = PBXFileReference; fileEncoding = 4; lastKnownFileType = sourcecode.c.h; name = SPGerberMCode.h; path = FunctionCodes/SPGerberMCode.h; sourceTree = "<group>"; };
		C9AFF7AB1130B2BC001AB3E9 /* SPGerberMCode.m */ = {isa = PBXFileReference; fileEncoding = 4; lastKnownFileType = sourcecode.c.objc; name = SPGerberMCode.m; path = FunctionCodes/SPGerberMCode.m; sourceTree = "<group>"; };
		C9AFF7B31130B3A2001AB3E9 /* SPGerberStatement.h */ = {isa = PBXFileReference; fileEncoding = 4; lastKnownFileType = sourcecode.c.h; path = SPGerberStatement.h; sourceTree = "<group>"; };
		C9AFF7B41130B3A2001AB3E9 /* SPGerberStatement.m */ = {isa = PBXFileReference; fileEncoding = 4; lastKnownFileType = sourcecode.c.objc; path = SPGerberStatement.m; sourceTree = "<group>"; };
		C9AFF7E21130E4D1001AB3E9 /* g03_with_coordinate.gtl */ = {isa = PBXFileReference; fileEncoding = 4; lastKnownFileType = text; path = g03_with_coordinate.gtl; sourceTree = "<group>"; };
		C9AFF7E31130E61D001AB3E9 /* SPGerberParsingAssertions.h */ = {isa = PBXFileReference; fileEncoding = 4; lastKnownFileType = sourcecode.c.h; path = SPGerberParsingAssertions.h; sourceTree = "<group>"; };
		C9AFF7EE1130E801001AB3E9 /* SPGerberParameter.h */ = {isa = PBXFileReference; fileEncoding = 4; lastKnownFileType = sourcecode.c.h; name = SPGerberParameter.h; path = Parameters/SPGerberParameter.h; sourceTree = "<group>"; };
		C9AFF7EF1130E801001AB3E9 /* SPGerberParameter.m */ = {isa = PBXFileReference; fileEncoding = 4; lastKnownFileType = sourcecode.c.objc; name = SPGerberParameter.m; path = Parameters/SPGerberParameter.m; sourceTree = "<group>"; };
		C9AFF7F11130E83D001AB3E9 /* PFGerberFormat.h */ = {isa = PBXFileReference; fileEncoding = 4; lastKnownFileType = sourcecode.c.h; name = PFGerberFormat.h; path = Parameters/PFGerberFormat.h; sourceTree = "<group>"; };
		C9AFF7F21130E83D001AB3E9 /* PFGerberFormat.m */ = {isa = PBXFileReference; fileEncoding = 4; lastKnownFileType = sourcecode.c.objc; name = PFGerberFormat.m; path = Parameters/PFGerberFormat.m; sourceTree = "<group>"; };
		C9AFF7F61130E996001AB3E9 /* SPGerberParserTest.h */ = {isa = PBXFileReference; fileEncoding = 4; lastKnownFileType = sourcecode.c.h; path = SPGerberParserTest.h; sourceTree = "<group>"; };
		C9AFF7F71130E996001AB3E9 /* SPGerberParserTest.m */ = {isa = PBXFileReference; fileEncoding = 4; lastKnownFileType = sourcecode.c.objc; path = SPGerberParserTest.m; sourceTree = "<group>"; };
		C9AFF7F91130E9F4001AB3E9 /* SPGerberParserProtelTest.h */ = {isa = PBXFileReference; fileEncoding = 4; lastKnownFileType = sourcecode.c.h; path = SPGerberParserProtelTest.h; sourceTree = "<group>"; };
		C9AFF7FA1130E9F4001AB3E9 /* SPGerberParserProtelTest.m */ = {isa = PBXFileReference; fileEncoding = 4; lastKnownFileType = sourcecode.c.objc; path = SPGerberParserProtelTest.m; sourceTree = "<group>"; };
		C9AFF8081130EC47001AB3E9 /* SPGerberUnitMode.h */ = {isa = PBXFileReference; fileEncoding = 4; lastKnownFileType = sourcecode.c.h; name = SPGerberUnitMode.h; path = Parameters/SPGerberUnitMode.h; sourceTree = "<group>"; };
		C9AFF8091130EC47001AB3E9 /* SPGerberUnitMode.m */ = {isa = PBXFileReference; fileEncoding = 4; lastKnownFileType = sourcecode.c.objc; name = SPGerberUnitMode.m; path = Parameters/SPGerberUnitMode.m; sourceTree = "<group>"; };
		C9AFF8171130EF33001AB3E9 /* boxes.gtl */ = {isa = PBXFileReference; fileEncoding = 4; lastKnownFileType = text; name = boxes.gtl; path = "Spec Gerbers/boxes.gtl"; sourceTree = "<group>"; };
		C9AFF86D1130FDE4001AB3E9 /* SPGerberOffset.h */ = {isa = PBXFileReference; fileEncoding = 4; lastKnownFileType = sourcecode.c.h; name = SPGerberOffset.h; path = Parameters/SPGerberOffset.h; sourceTree = "<group>"; };
		C9AFF86E1130FDE4001AB3E9 /* SPGerberOffset.m */ = {isa = PBXFileReference; fileEncoding = 4; lastKnownFileType = sourcecode.c.objc; name = SPGerberOffset.m; path = Parameters/SPGerberOffset.m; sourceTree = "<group>"; };
		C9AFF88211310078001AB3E9 /* SPGerberScaleFactor.h */ = {isa = PBXFileReference; fileEncoding = 4; lastKnownFileType = sourcecode.c.h; name = SPGerberScaleFactor.h; path = Parameters/SPGerberScaleFactor.h; sourceTree = "<group>"; };
		C9AFF88311310078001AB3E9 /* SPGerberScaleFactor.m */ = {isa = PBXFileReference; fileEncoding = 4; lastKnownFileType = sourcecode.c.objc; name = SPGerberScaleFactor.m; path = Parameters/SPGerberScaleFactor.m; sourceTree = "<group>"; };
		C9AFF88F11319074001AB3E9 /* SPGerberLayerName.h */ = {isa = PBXFileReference; fileEncoding = 4; lastKnownFileType = sourcecode.c.h; name = SPGerberLayerName.h; path = Parameters/SPGerberLayerName.h; sourceTree = "<group>"; };
		C9AFF89011319074001AB3E9 /* SPGerberLayerName.m */ = {isa = PBXFileReference; fileEncoding = 4; lastKnownFileType = sourcecode.c.objc; name = SPGerberLayerName.m; path = Parameters/SPGerberLayerName.m; sourceTree = "<group>"; };
		C9AFF89211319101001AB3E9 /* SPGerberImagePolarity.h */ = {isa = PBXFileReference; fileEncoding = 4; lastKnownFileType = sourcecode.c.h; name = SPGerberImagePolarity.h; path = Parameters/SPGerberImagePolarity.h; sourceTree = "<group>"; };
		C9AFF89311319101001AB3E9 /* SPGerberImagePolarity.m */ = {isa = PBXFileReference; fileEncoding = 4; lastKnownFileType = sourcecode.c.objc; name = SPGerberImagePolarity.m; path = Parameters/SPGerberImagePolarity.m; sourceTree = "<group>"; };
		C9AFF89711319225001AB3E9 /* SPGerberLayerPolarity.h */ = {isa = PBXFileReference; fileEncoding = 4; lastKnownFileType = sourcecode.c.h; name = SPGerberLayerPolarity.h; path = Parameters/SPGerberLayerPolarity.h; sourceTree = "<group>"; };
		C9AFF89811319225001AB3E9 /* SPGerberLayerPolarity.m */ = {isa = PBXFileReference; fileEncoding = 4; lastKnownFileType = sourcecode.c.objc; name = SPGerberLayerPolarity.m; path = Parameters/SPGerberLayerPolarity.m; sourceTree = "<group>"; };
		C9AFF8BC113196D5001AB3E9 /* layer_name_with_no_star.gtl */ = {isa = PBXFileReference; fileEncoding = 4; lastKnownFileType = text; path = layer_name_with_no_star.gtl; sourceTree = "<group>"; };
		C9C325BF1131D5F40044D3BC /* SPPCBSublayerNode.h */ = {isa = PBXFileReference; fileEncoding = 4; lastKnownFileType = sourcecode.c.h; path = SPPCBSublayerNode.h; sourceTree = "<group>"; };
		C9C325C01131D5F40044D3BC /* SPPCBSublayerNode.m */ = {isa = PBXFileReference; fileEncoding = 4; lastKnownFileType = sourcecode.c.objc; path = SPPCBSublayerNode.m; sourceTree = "<group>"; };
		C9C325C21131D6590044D3BC /* SPCAMTitleNode.h */ = {isa = PBXFileReference; fileEncoding = 4; lastKnownFileType = sourcecode.c.h; path = SPCAMTitleNode.h; sourceTree = "<group>"; };
		C9C325C31131D6590044D3BC /* SPCAMTitleNode.m */ = {isa = PBXFileReference; fileEncoding = 4; lastKnownFileType = sourcecode.c.objc; path = SPCAMTitleNode.m; sourceTree = "<group>"; };
		C9C325FA1131DEC90044D3BC /* PCBLayer.h */ = {isa = PBXFileReference; fileEncoding = 4; lastKnownFileType = sourcecode.c.h; path = PCBLayer.h; sourceTree = "<group>"; };
		C9C325FB1131DEC90044D3BC /* PCBLayer.m */ = {isa = PBXFileReference; fileEncoding = 4; lastKnownFileType = sourcecode.c.objc; path = PCBLayer.m; sourceTree = "<group>"; };
		C9C325FC1131DEC90044D3BC /* PCBSublayer.h */ = {isa = PBXFileReference; fileEncoding = 4; lastKnownFileType = sourcecode.c.h; path = PCBSublayer.h; sourceTree = "<group>"; };
		C9C325FD1131DEC90044D3BC /* PCBSublayer.m */ = {isa = PBXFileReference; fileEncoding = 4; lastKnownFileType = sourcecode.c.objc; path = PCBSublayer.m; sourceTree = "<group>"; };
		C9F06F591085877800362CAE /* resistor.xml */ = {isa = PBXFileReference; fileEncoding = 4; lastKnownFileType = text.xml; name = resistor.xml; path = "Stock Documents/Symbols/resistor.xml"; sourceTree = "<group>"; };
		C9F8FA3210420E9500CFE30A /* BWToolkitFramework.framework */ = {isa = PBXFileReference; lastKnownFileType = wrapper.framework; name = BWToolkitFramework.framework; path = /Library/Frameworks/BWToolkitFramework.framework; sourceTree = "<absolute>"; };
/* End PBXFileReference section */

/* Begin PBXFrameworksBuildPhase section */
		514E9DF7081EBF9C009B8CD9 /* Frameworks */ = {
			isa = PBXFrameworksBuildPhase;
			buildActionMask = 2147483647;
			files = (
				514EA015081EC7C3009B8CD9 /* CoreFoundation.framework in Frameworks */,
				514EA011081EC7AB009B8CD9 /* CoreData.framework in Frameworks */,
				514EA010081EC7AA009B8CD9 /* Foundation.framework in Frameworks */,
				514E9E2E081EC793009B8CD9 /* CoreServices.framework in Frameworks */,
			);
			runOnlyForDeploymentPostprocessing = 0;
		};
		8D15AC330486D014006FF6A4 /* Frameworks */ = {
			isa = PBXFrameworksBuildPhase;
			buildActionMask = 2147483647;
			files = (
				775DFF38067A968500C5B868 /* Cocoa.framework in Frameworks */,
				C9F8FA3310420E9500CFE30A /* BWToolkitFramework.framework in Frameworks */,
				C97D081B1043A1F000F6BBCC /* OpenGL.framework in Frameworks */,
			);
			runOnlyForDeploymentPostprocessing = 0;
		};
		C9217D2D111F133D00401AD4 /* Frameworks */ = {
			isa = PBXFrameworksBuildPhase;
			buildActionMask = 2147483647;
			files = (
				C92191D9112FBB4A00401AD4 /* Cocoa.framework in Frameworks */,
			);
			runOnlyForDeploymentPostprocessing = 0;
		};
		C9217F5D1121161000401AD4 /* Frameworks */ = {
			isa = PBXFrameworksBuildPhase;
			buildActionMask = 2147483647;
			files = (
				C9218E4E11299BFF00401AD4 /* BWToolkitFramework.framework in Frameworks */,
				C92188E3112735AE00401AD4 /* OpenGL.framework in Frameworks */,
				C9217F7F112116CB00401AD4 /* Cocoa.framework in Frameworks */,
			);
			runOnlyForDeploymentPostprocessing = 0;
		};
/* End PBXFrameworksBuildPhase section */

/* Begin PBXGroup section */
		1058C7A6FEA54F5311CA2CBB /* Linked Frameworks */ = {
			isa = PBXGroup;
			children = (
				C97D081A1043A1F000F6BBCC /* OpenGL.framework */,
				1058C7A7FEA54F5311CA2CBB /* Cocoa.framework */,
				514EA014081EC7C3009B8CD9 /* CoreFoundation.framework */,
				514E9E2D081EC793009B8CD9 /* CoreServices.framework */,
				2A37F4C5FDCFA73011CA2CEA /* Foundation.framework */,
				7788DA0506752A1600599AAD /* CoreData.framework */,
				C9F8FA3210420E9500CFE30A /* BWToolkitFramework.framework */,
			);
			name = "Linked Frameworks";
			sourceTree = "<group>";
		};
		1058C7A8FEA54F5311CA2CBB /* Other Frameworks */ = {
			isa = PBXGroup;
			children = (
				2A37F4C4FDCFA73011CA2CEA /* AppKit.framework */,
			);
			name = "Other Frameworks";
			sourceTree = "<group>";
		};
		19C28FB0FE9D524F11CA2CBB /* Products */ = {
			isa = PBXGroup;
			children = (
				8D15AC370486D014006FF6A4 /* Spark.app */,
				514E9DF9081EBF9C009B8CD9 /* Spark.mdimporter */,
				C9217D30111F133D00401AD4 /* PCBFabTest.octest */,
				C9217F5F1121161000401AD4 /* SparkViewer.app */,
			);
			name = Products;
			sourceTree = "<group>";
		};
		2A37F4AAFDCFA73011CA2CEA /* Spark */ = {
			isa = PBXGroup;
			children = (
				C92190FC112FB8F300401AD4 /* Controllers */,
				C9219132112FB8F400401AD4 /* Models */,
				C9219169112FB8F400401AD4 /* Resources */,
				C921917D112FB8F400401AD4 /* Visualization */,
				514E9E0C081EC698009B8CD9 /* Importer */,
				C92190F9112FB8F300401AD4 /* Class Extensions */,
				C92191A1112FBA5800401AD4 /* Test */,
				C9219167112FB8F400401AD4 /* Other Sources */,
				C9F06F561085873F00362CAE /* Stock Documents */,
				2A37F4C3FDCFA73011CA2CEA /* Frameworks */,
				19C28FB0FE9D524F11CA2CBB /* Products */,
			);
			name = Spark;
			sourceTree = "<group>";
		};
		2A37F4C3FDCFA73011CA2CEA /* Frameworks */ = {
			isa = PBXGroup;
			children = (
				1058C7A6FEA54F5311CA2CBB /* Linked Frameworks */,
				1058C7A8FEA54F5311CA2CBB /* Other Frameworks */,
			);
			name = Frameworks;
			sourceTree = "<group>";
		};
		514E9E0C081EC698009B8CD9 /* Importer */ = {
			isa = PBXGroup;
			children = (
				514E9E16081EC6D5009B8CD9 /* Importer Read Me.txt */,
				514E9E11081EC6B8009B8CD9 /* main.c */,
				514E9E10081EC6B8009B8CD9 /* GetMetadataForFile.c */,
				514E9DFA081EBF9C009B8CD9 /* Importer-Info.plist */,
			);
			name = Importer;
			sourceTree = "<group>";
		};
		C92190F9112FB8F300401AD4 /* Class Extensions */ = {
			isa = PBXGroup;
			children = (
				C92190FA112FB8F300401AD4 /* NSScannerExtensions.h */,
				C92190FB112FB8F300401AD4 /* NSScannerExtensions.m */,
			);
			path = "Class Extensions";
			sourceTree = "<group>";
		};
		C92190FC112FB8F300401AD4 /* Controllers */ = {
			isa = PBXGroup;
			children = (
				C9219191112FB9F300401AD4 /* Application */,
				C921910A112FB8F300401AD4 /* Window */,
				C9219103112FB8F300401AD4 /* View */,
				C9219194112FB9F300401AD4 /* SPGerberParser.h */,
				C9219195112FB9F300401AD4 /* SPGerberParser.m */,
				C92190FD112FB8F300401AD4 /* SparkDefinitionParser.h */,
				C92190FE112FB8F300401AD4 /* SparkDefinitionParser.m */,
				C92190FF112FB8F300401AD4 /* SparkGerberRenderer.h */,
				C9219100112FB8F300401AD4 /* SparkGerberRenderer.m */,
			);
			path = Controllers;
			sourceTree = "<group>";
		};
		C9219103112FB8F300401AD4 /* View */ = {
			isa = PBXGroup;
			children = (
				C9219104112FB8F300401AD4 /* GraphicalController.h */,
				C9219105112FB8F300401AD4 /* GraphicalController.m */,
				C9219106112FB8F300401AD4 /* SchematicController.h */,
				C9219107112FB8F300401AD4 /* SchematicController.m */,
				C9219108112FB8F300401AD4 /* SparkCAMViewController.h */,
				C9219109112FB8F300401AD4 /* SparkCAMViewController.m */,
			);
			path = View;
			sourceTree = "<group>";
		};
		C921910A112FB8F300401AD4 /* Window */ = {
			isa = PBXGroup;
			children = (
				C921910B112FB8F300401AD4 /* SparkNewComponentWindowController.h */,
				C921910C112FB8F300401AD4 /* SparkNewComponentWindowController.m */,
				C921910D112FB8F300401AD4 /* SPViewerWindowController.h */,
				C921910E112FB8F300401AD4 /* SPViewerWindowController.m */,
				C921910F112FB8F300401AD4 /* SparkWindowController.h */,
				C9219110112FB8F300401AD4 /* SparkWindowController.m */,
				C9219111112FB8F300401AD4 /* SPImportWindowController.h */,
				C9219112112FB8F300401AD4 /* SPImportWindowController.m */,
				C9219113112FB8F300401AD4 /* SPWindowController.h */,
				C9219114112FB8F300401AD4 /* SPWindowController.m */,
			);
			path = Window;
			sourceTree = "<group>";
		};
		C9219132112FB8F400401AD4 /* Models */ = {
			isa = PBXGroup;
			children = (
				C9C326A61131F2CF0044D3BC /* Documents */,
				C9219133112FB8F400401AD4 /* Fabrication */,
				C921913E112FB8F400401AD4 /* Graphical */,
				C9219147112FB8F400401AD4 /* Layout */,
				C9219153112FB8F400401AD4 /* Structural */,
				C921915E112FB8F400401AD4 /* UI */,
			);
			path = Models;
			sourceTree = "<group>";
		};
		C9219133112FB8F400401AD4 /* Fabrication */ = {
			isa = PBXGroup;
			children = (
				C9AFF7ED1130E7DE001AB3E9 /* Parameters */,
				C921920B112FBF4500401AD4 /* FunctionCodes */,
				C9AFF7B31130B3A2001AB3E9 /* SPGerberStatement.h */,
				C9AFF7B41130B3A2001AB3E9 /* SPGerberStatement.m */,
				C9219138112FB8F400401AD4 /* PFGerberCoordinate.h */,
				C9219139112FB8F400401AD4 /* PFGerberCoordinate.m */,
			);
			path = Fabrication;
			sourceTree = "<group>";
		};
		C921913E112FB8F400401AD4 /* Graphical */ = {
			isa = PBXGroup;
			children = (
				C921913F112FB8F400401AD4 /* Arc.h */,
				C9219140112FB8F400401AD4 /* Arc.m */,
				C9219141112FB8F400401AD4 /* GraphicalRep.h */,
				C9219142112FB8F400401AD4 /* GraphicalRep.m */,
				C9219143112FB8F400401AD4 /* Primitive.h */,
				C9219144112FB8F400401AD4 /* Primitive.m */,
				C9219145112FB8F400401AD4 /* Quad.h */,
				C9219146112FB8F400401AD4 /* Quad.m */,
			);
			path = Graphical;
			sourceTree = "<group>";
		};
		C9219147112FB8F400401AD4 /* Layout */ = {
			isa = PBXGroup;
			children = (
				C9219148112FB8F400401AD4 /* SparkComponent.h */,
				C9219149112FB8F400401AD4 /* SparkComponent.m */,
				C921914A112FB8F400401AD4 /* Symbol.h */,
				C921914B112FB8F400401AD4 /* Symbol.m */,
				C921914C112FB8F400401AD4 /* SymbolDefinition.h */,
				C921914D112FB8F400401AD4 /* SymbolDefinition.m */,
			);
			path = Layout;
			sourceTree = "<group>";
		};
		C9219153112FB8F400401AD4 /* Structural */ = {
			isa = PBXGroup;
			children = (
				C9C325FA1131DEC90044D3BC /* PCBLayer.h */,
				C9C325FB1131DEC90044D3BC /* PCBLayer.m */,
				C9C325FC1131DEC90044D3BC /* PCBSublayer.h */,
				C9C325FD1131DEC90044D3BC /* PCBSublayer.m */,
				C9219156112FB8F400401AD4 /* Definition.h */,
				C9219157112FB8F400401AD4 /* Definition.m */,
				C9219158112FB8F400401AD4 /* DesignElement.h */,
				C9219159112FB8F400401AD4 /* DesignElement.m */,
				C921915A112FB8F400401AD4 /* DesignSurface.h */,
				C921915B112FB8F400401AD4 /* DesignSurface.m */,
				C921915C112FB8F400401AD4 /* FreeElement.h */,
				C921915D112FB8F400401AD4 /* FreeElement.m */,
			);
			path = Structural;
			sourceTree = "<group>";
		};
		C921915E112FB8F400401AD4 /* UI */ = {
			isa = PBXGroup;
			children = (
				C9219161112FB8F400401AD4 /* SPPCBLayerNode.h */,
				C9219162112FB8F400401AD4 /* SPPCBLayerNode.m */,
				C9219163112FB8F400401AD4 /* SchematicNode.h */,
				C9219164112FB8F400401AD4 /* SchematicNode.m */,
				C9219165112FB8F400401AD4 /* SPProjectNode.h */,
				C9219166112FB8F400401AD4 /* SPProjectNode.m */,
				C9C325BF1131D5F40044D3BC /* SPPCBSublayerNode.h */,
				C9C325C01131D5F40044D3BC /* SPPCBSublayerNode.m */,
				C9C325C21131D6590044D3BC /* SPCAMTitleNode.h */,
				C9C325C31131D6590044D3BC /* SPCAMTitleNode.m */,
			);
			path = UI;
			sourceTree = "<group>";
		};
		C9219167112FB8F400401AD4 /* Other Sources */ = {
			isa = PBXGroup;
			children = (
				C92191DF112FBC1E00401AD4 /* SPFabrication.h */,
				C92191CD112FBAD800401AD4 /* main.m */,
				C92191CE112FBAD800401AD4 /* SparkViewer_Prefix.pch */,
				C9219168112FB8F400401AD4 /* Spark_Prefix.pch */,
			);
			path = "Other Sources";
			sourceTree = "<group>";
		};
		C9219169112FB8F400401AD4 /* Resources */ = {
			isa = PBXGroup;
			children = (
				C921916A112FB8F400401AD4 /* Credits.rtf */,
				C921916C112FB8F400401AD4 /* ImportWindow.xib */,
				C921916E112FB8F400401AD4 /* InfoPlist.strings */,
				C9219170112FB8F400401AD4 /* MainMenu.xib */,
				C9219172112FB8F400401AD4 /* NewComponent.xib */,
				C9219174112FB8F400401AD4 /* SparkDocument.xib */,
				C9219176112FB8F400401AD4 /* SPViewerDocument.xib */,
				C9219178112FB8F400401AD4 /* SparkViewerMainMenu.xib */,
				C921917B112FB8F400401AD4 /* Spark-Info.plist */,
				C921917C112FB8F400401AD4 /* SparkViewer-Info.plist */,
			);
			path = Resources;
			sourceTree = "<group>";
		};
		C921917D112FB8F400401AD4 /* Visualization */ = {
			isa = PBXGroup;
			children = (
				C921917E112FB8F400401AD4 /* SparkVisualization.h */,
				C921917F112FB8F400401AD4 /* SPFacet.h */,
				C9219180112FB8F400401AD4 /* SPFacet.m */,
				C9219181112FB8F400401AD4 /* SPGeometry.h */,
				C9219182112FB8F400401AD4 /* Views */,
			);
			path = Visualization;
			sourceTree = "<group>";
		};
		C9219182112FB8F400401AD4 /* Views */ = {
			isa = PBXGroup;
			children = (
				C9219183112FB8F400401AD4 /* SparkElementView.h */,
				C9219184112FB8F400401AD4 /* SparkElementView.m */,
				C9219185112FB8F400401AD4 /* SparkOpenGLView.h */,
				C9219186112FB8F400401AD4 /* SparkOpenGLView.m */,
				C9219187112FB8F400401AD4 /* SparkScrollView.h */,
				C9219188112FB8F400401AD4 /* SparkScrollView.m */,
			);
			path = Views;
			sourceTree = "<group>";
		};
		C9219191112FB9F300401AD4 /* Application */ = {
			isa = PBXGroup;
			children = (
				C9219192112FB9F300401AD4 /* SparkViewerAppDelegate.h */,
				C9219193112FB9F300401AD4 /* SparkViewerAppDelegate.m */,
			);
			name = Application;
			path = application;
			sourceTree = "<group>";
		};
		C92191A1112FBA5800401AD4 /* Test */ = {
			isa = PBXGroup;
			children = (
				C92191A2112FBA5800401AD4 /* GerberParserTest */,
				C92191A8112FBA5800401AD4 /* Test Documents */,
			);
			path = Test;
			sourceTree = "<group>";
		};
		C92191A2112FBA5800401AD4 /* GerberParserTest */ = {
			isa = PBXGroup;
			children = (
				C92191A3112FBA5800401AD4 /* GerberParserTest-Info.plist */,
				C9AFF7E31130E61D001AB3E9 /* SPGerberParsingAssertions.h */,
				C9AFF7F61130E996001AB3E9 /* SPGerberParserTest.h */,
				C9AFF7F71130E996001AB3E9 /* SPGerberParserTest.m */,
				C92191A4112FBA5800401AD4 /* MockGerberParserDelegate.h */,
				C92191A5112FBA5800401AD4 /* MockGerberParserDelegate.m */,
				C92191A6112FBA5800401AD4 /* SPGerberParserBasicTest.h */,
				C92191A7112FBA5800401AD4 /* SPGerberParserBasicTest.m */,
				C9AFF7F91130E9F4001AB3E9 /* SPGerberParserProtelTest.h */,
				C9AFF7FA1130E9F4001AB3E9 /* SPGerberParserProtelTest.m */,
			);
			path = GerberParserTest;
			sourceTree = "<group>";
		};
		C92191A8112FBA5800401AD4 /* Test Documents */ = {
			isa = PBXGroup;
			children = (
				C92191B6112FBA5800401AD4 /* Test Gerbers */,
				C9AFF8181130EF37001AB3E9 /* Spec Gerbers */,
				C92191A9112FBA5800401AD4 /* Example Excellion */,
				C92191AB112FBA5800401AD4 /* Example Gerbers */,
			);
			path = "Test Documents";
			sourceTree = "<group>";
		};
		C92191A9112FBA5800401AD4 /* Example Excellion */ = {
			isa = PBXGroup;
			children = (
				C92191AA112FBA5800401AD4 /* Break Out Board V2_7.TXT */,
			);
			path = "Example Excellion";
			sourceTree = "<group>";
		};
		C92191AB112FBA5800401AD4 /* Example Gerbers */ = {
			isa = PBXGroup;
			children = (
				C92191AC112FBA5800401AD4 /* Break Out Board V2_7.apr */,
				C92191AD112FBA5800401AD4 /* Break Out Board V2_7.DRR */,
				C92191AE112FBA5800401AD4 /* Break Out Board V2_7.GBL */,
				C92191AF112FBA5800401AD4 /* Break Out Board V2_7.GBO */,
				C92191B0112FBA5800401AD4 /* Break Out Board V2_7.GBS */,
				C92191B1112FBA5800401AD4 /* Break Out Board V2_7.GTO */,
				C92191B2112FBA5800401AD4 /* Break Out Board V2_7.GTS */,
				C92191B4112FBA5800401AD4 /* protel_output.GM1 */,
				C92191B5112FBA5800401AD4 /* protel_output.GTL */,
			);
			path = "Example Gerbers";
			sourceTree = "<group>";
		};
		C92191B6112FBA5800401AD4 /* Test Gerbers */ = {
			isa = PBXGroup;
			children = (
				C92191B7112FBA5800401AD4 /* aperture_macro.gtl */,
				C92191B8112FBA5800401AD4 /* basic_document.GTL */,
				C92191B9112FBA5800401AD4 /* basic_document_without_percents_on_each_line.gtl */,
				C92191BA112FBA5800401AD4 /* image_polarity.gtl */,
				C92191BB112FBA5800401AD4 /* layer_polarity.gtl */,
				C92191BC112FBA5800401AD4 /* single_arc_coordinate.GTL */,
				C9AFF7E21130E4D1001AB3E9 /* g03_with_coordinate.gtl */,
				C9AFF8BC113196D5001AB3E9 /* layer_name_with_no_star.gtl */,
			);
			path = "Test Gerbers";
			sourceTree = "<group>";
		};
		C921920B112FBF4500401AD4 /* FunctionCodes */ = {
			isa = PBXGroup;
			children = (
				C921913C112FB8F400401AD4 /* SPGerberFunctionCode.h */,
				C921913D112FB8F400401AD4 /* SPGerberFunctionCode.m */,
				C9AFF77E1130AFE3001AB3E9 /* SPGerberGCode.h */,
				C9AFF77F1130AFE3001AB3E9 /* SPGerberGCode.m */,
				C9AFF7A41130B22D001AB3E9 /* SPGerberDCode.h */,
				C9AFF7A51130B22D001AB3E9 /* SPGerberDCode.m */,
				C9AFF7AA1130B2BC001AB3E9 /* SPGerberMCode.h */,
				C9AFF7AB1130B2BC001AB3E9 /* SPGerberMCode.m */,
			);
			name = FunctionCodes;
			sourceTree = "<group>";
		};
		C9AFF7ED1130E7DE001AB3E9 /* Parameters */ = {
			isa = PBXGroup;
			children = (
				C9AFF7EE1130E801001AB3E9 /* SPGerberParameter.h */,
				C9AFF7EF1130E801001AB3E9 /* SPGerberParameter.m */,
				C9AFF7F11130E83D001AB3E9 /* PFGerberFormat.h */,
				C9AFF7F21130E83D001AB3E9 /* PFGerberFormat.m */,
				C9AFF8081130EC47001AB3E9 /* SPGerberUnitMode.h */,
				C9AFF8091130EC47001AB3E9 /* SPGerberUnitMode.m */,
				C9AFF86D1130FDE4001AB3E9 /* SPGerberOffset.h */,
				C9AFF86E1130FDE4001AB3E9 /* SPGerberOffset.m */,
				C9AFF88211310078001AB3E9 /* SPGerberScaleFactor.h */,
				C9AFF88311310078001AB3E9 /* SPGerberScaleFactor.m */,
				C9AFF88F11319074001AB3E9 /* SPGerberLayerName.h */,
				C9AFF89011319074001AB3E9 /* SPGerberLayerName.m */,
				C9AFF89211319101001AB3E9 /* SPGerberImagePolarity.h */,
				C9AFF89311319101001AB3E9 /* SPGerberImagePolarity.m */,
				C9AFF89711319225001AB3E9 /* SPGerberLayerPolarity.h */,
				C9AFF89811319225001AB3E9 /* SPGerberLayerPolarity.m */,
				C9219134112FB8F400401AD4 /* PFGerberApertureDefinition.h */,
				C9219135112FB8F400401AD4 /* PFGerberApertureDefinition.m */,
				C9219136112FB8F400401AD4 /* PFGerberApertureMacro.h */,
				C9219137112FB8F400401AD4 /* PFGerberApertureMacro.m */,
			);
			name = Parameters;
			sourceTree = "<group>";
		};
		C9AFF8181130EF37001AB3E9 /* Spec Gerbers */ = {
			isa = PBXGroup;
			children = (
				C9AFF8171130EF33001AB3E9 /* boxes.gtl */,
			);
			name = "Spec Gerbers";
			sourceTree = "<group>";
		};
		C9C326A61131F2CF0044D3BC /* Documents */ = {
			isa = PBXGroup;
			children = (
				C9219150112FB8F400401AD4 /* SparkDocument.xcdatamodel */,
				C921914E112FB8F400401AD4 /* SparkDocument.h */,
				C921914F112FB8F400401AD4 /* SparkDocument.m */,
				C9219151112FB8F400401AD4 /* SPViewerDocument.h */,
				C9219152112FB8F400401AD4 /* SPViewerDocument.m */,
			);
			name = Documents;
			sourceTree = "<group>";
		};
		C9F06F561085873F00362CAE /* Stock Documents */ = {
			isa = PBXGroup;
			children = (
				C9F06F581085875200362CAE /* Symbols */,
			);
			name = "Stock Documents";
			sourceTree = "<group>";
		};
		C9F06F581085875200362CAE /* Symbols */ = {
			isa = PBXGroup;
			children = (
				C9F06F591085877800362CAE /* resistor.xml */,
			);
			name = Symbols;
			sourceTree = "<group>";
		};
/* End PBXGroup section */

/* Begin PBXNativeTarget section */
		514E9DF8081EBF9C009B8CD9 /* Spark Spotlight Importer */ = {
			isa = PBXNativeTarget;
			buildConfigurationList = 26FC0AC60875C91100E6366F /* Build configuration list for PBXNativeTarget "Spark Spotlight Importer" */;
			buildPhases = (
				514E9DF5081EBF9C009B8CD9 /* Resources */,
				514E9DF6081EBF9C009B8CD9 /* Sources */,
				514E9DF7081EBF9C009B8CD9 /* Frameworks */,
			);
			buildRules = (
			);
			dependencies = (
			);
			name = "Spark Spotlight Importer";
			productName = "Spark Spotlight Importer";
			productReference = 514E9DF9081EBF9C009B8CD9 /* Spark.mdimporter */;
			productType = "com.apple.product-type.bundle";
		};
		8D15AC270486D014006FF6A4 /* Spark */ = {
			isa = PBXNativeTarget;
			buildConfigurationList = 26FC0ACA0875C91100E6366F /* Build configuration list for PBXNativeTarget "Spark" */;
			buildPhases = (
				8D15AC2B0486D014006FF6A4 /* Resources */,
				8D15AC300486D014006FF6A4 /* Sources */,
				8D15AC330486D014006FF6A4 /* Frameworks */,
				514EA07C081ECB3F009B8CD9 /* CopyFiles */,
				C97D061B10420FFB00F6BBCC /* CopyFiles */,
			);
			buildRules = (
			);
			dependencies = (
				514EA067081EC8BF009B8CD9 /* PBXTargetDependency */,
			);
			name = Spark;
			productInstallPath = "$(HOME)/Applications";
			productName = Spark;
			productReference = 8D15AC370486D014006FF6A4 /* Spark.app */;
			productType = "com.apple.product-type.application";
		};
		C9217D2F111F133D00401AD4 /* GerberParserTest */ = {
			isa = PBXNativeTarget;
			buildConfigurationList = C9217D34111F133E00401AD4 /* Build configuration list for PBXNativeTarget "GerberParserTest" */;
			buildPhases = (
				C9217D2B111F133D00401AD4 /* Resources */,
				C9217D2C111F133D00401AD4 /* Sources */,
				C9217D2D111F133D00401AD4 /* Frameworks */,
				C9217D2E111F133D00401AD4 /* ShellScript */,
			);
			buildRules = (
			);
			dependencies = (
			);
			name = GerberParserTest;
			productName = PCBFabTest;
			productReference = C9217D30111F133D00401AD4 /* PCBFabTest.octest */;
			productType = "com.apple.product-type.bundle";
		};
		C9217F5E1121161000401AD4 /* SparkViewer */ = {
			isa = PBXNativeTarget;
			buildConfigurationList = C9217F641121161200401AD4 /* Build configuration list for PBXNativeTarget "SparkViewer" */;
			buildPhases = (
				C9217F5B1121161000401AD4 /* Resources */,
				C9217F5C1121161000401AD4 /* Sources */,
				C9217F5D1121161000401AD4 /* Frameworks */,
				C9218E1311299BA600401AD4 /* CopyFiles */,
			);
			buildRules = (
			);
			dependencies = (
			);
			name = SparkViewer;
			productName = SparkViewer;
			productReference = C9217F5F1121161000401AD4 /* SparkViewer.app */;
			productType = "com.apple.product-type.application";
		};
/* End PBXNativeTarget section */

/* Begin PBXProject section */
		2A37F4A9FDCFA73011CA2CEA /* Project object */ = {
			isa = PBXProject;
			buildConfigurationList = 26FC0ACE0875C91100E6366F /* Build configuration list for PBXProject "Spark" */;
			compatibilityVersion = "Xcode 3.1";
			hasScannedForEncodings = 1;
			mainGroup = 2A37F4AAFDCFA73011CA2CEA /* Spark */;
			projectDirPath = "";
			projectRoot = "";
			targets = (
				8D15AC270486D014006FF6A4 /* Spark */,
				514E9DF8081EBF9C009B8CD9 /* Spark Spotlight Importer */,
				C9217D2F111F133D00401AD4 /* GerberParserTest */,
				C9217F5E1121161000401AD4 /* SparkViewer */,
			);
		};
/* End PBXProject section */

/* Begin PBXResourcesBuildPhase section */
		514E9DF5081EBF9C009B8CD9 /* Resources */ = {
			isa = PBXResourcesBuildPhase;
			buildActionMask = 2147483647;
			files = (
			);
			runOnlyForDeploymentPostprocessing = 0;
		};
		8D15AC2B0486D014006FF6A4 /* Resources */ = {
			isa = PBXResourcesBuildPhase;
			buildActionMask = 2147483647;
			files = (
			);
			runOnlyForDeploymentPostprocessing = 0;
		};
		C9217D2B111F133D00401AD4 /* Resources */ = {
			isa = PBXResourcesBuildPhase;
			buildActionMask = 2147483647;
			files = (
				C9AFF8BD113196D5001AB3E9 /* layer_name_with_no_star.gtl in Resources */,
			);
			runOnlyForDeploymentPostprocessing = 0;
		};
		C9217F5B1121161000401AD4 /* Resources */ = {
			isa = PBXResourcesBuildPhase;
			buildActionMask = 2147483647;
			files = (
				C9C3257A1131CAC70044D3BC /* SparkViewerMainMenu.xib in Resources */,
				C9AFF93B1131C104001AB3E9 /* SPViewerDocument.xib in Resources */,
			);
			runOnlyForDeploymentPostprocessing = 0;
		};
/* End PBXResourcesBuildPhase section */

/* Begin PBXShellScriptBuildPhase section */
		C9217D2E111F133D00401AD4 /* ShellScript */ = {
			isa = PBXShellScriptBuildPhase;
			buildActionMask = 2147483647;
			files = (
			);
			inputPaths = (
			);
			outputPaths = (
			);
			runOnlyForDeploymentPostprocessing = 0;
			shellPath = /bin/sh;
			shellScript = "# Run the unit tests in this test bundle.\n\"${SYSTEM_DEVELOPER_DIR}/Tools/RunUnitTests\"\n";
		};
/* End PBXShellScriptBuildPhase section */

/* Begin PBXSourcesBuildPhase section */
		514E9DF6081EBF9C009B8CD9 /* Sources */ = {
			isa = PBXSourcesBuildPhase;
			buildActionMask = 2147483647;
			files = (
				514E9E12081EC6B8009B8CD9 /* GetMetadataForFile.c in Sources */,
				514E9E13081EC6B8009B8CD9 /* main.c in Sources */,
			);
			runOnlyForDeploymentPostprocessing = 0;
		};
		8D15AC300486D014006FF6A4 /* Sources */ = {
			isa = PBXSourcesBuildPhase;
			buildActionMask = 2147483647;
			files = (
			);
			runOnlyForDeploymentPostprocessing = 0;
		};
		C9217D2C111F133D00401AD4 /* Sources */ = {
			isa = PBXSourcesBuildPhase;
			buildActionMask = 2147483647;
			files = (
				C9219208112FBE9F00401AD4 /* NSScannerExtensions.m in Sources */,
				C92191FB112FBDC400401AD4 /* PFGerberApertureDefinition.m in Sources */,
				C92191FC112FBDC400401AD4 /* PFGerberApertureMacro.m in Sources */,
				C92191FD112FBDC400401AD4 /* PFGerberCoordinate.m in Sources */,
				C92191FF112FBDC400401AD4 /* SPGerberFunctionCode.m in Sources */,
				C92191F2112FBD8500401AD4 /* SPGerberParser.m in Sources */,
				C92191D7112FBB3900401AD4 /* SPGerberParserBasicTest.m in Sources */,
				C92191D8112FBB3C00401AD4 /* MockGerberParserDelegate.m in Sources */,
				C9AFF7801130AFE3001AB3E9 /* SPGerberGCode.m in Sources */,
				C9AFF7A61130B22D001AB3E9 /* SPGerberDCode.m in Sources */,
				C9AFF7AC1130B2BC001AB3E9 /* SPGerberMCode.m in Sources */,
				C9AFF7B51130B3A2001AB3E9 /* SPGerberStatement.m in Sources */,
				C9AFF7F01130E801001AB3E9 /* SPGerberParameter.m in Sources */,
				C9AFF7F31130E83D001AB3E9 /* PFGerberFormat.m in Sources */,
				C9AFF7F81130E996001AB3E9 /* SPGerberParserTest.m in Sources */,
				C9AFF7FB1130E9F4001AB3E9 /* SPGerberParserProtelTest.m in Sources */,
				C9AFF80A1130EC47001AB3E9 /* SPGerberUnitMode.m in Sources */,
				C9AFF86F1130FDE4001AB3E9 /* SPGerberOffset.m in Sources */,
				C9AFF88411310078001AB3E9 /* SPGerberScaleFactor.m in Sources */,
				C9AFF89111319074001AB3E9 /* SPGerberLayerName.m in Sources */,
				C9AFF89411319101001AB3E9 /* SPGerberImagePolarity.m in Sources */,
				C9AFF89911319225001AB3E9 /* SPGerberLayerPolarity.m in Sources */,
			);
			runOnlyForDeploymentPostprocessing = 0;
		};
		C9217F5C1121161000401AD4 /* Sources */ = {
			isa = PBXSourcesBuildPhase;
			buildActionMask = 2147483647;
			files = (
				C9C326111131DFDD0044D3BC /* SPPCBLayerNode.m in Sources */,
				C9C325951131CB600044D3BC /* SparkDocument.xcdatamodel in Sources */,
				C9C325841131CB2B0044D3BC /* Arc.m in Sources */,
				C9C325851131CB2B0044D3BC /* GraphicalRep.m in Sources */,
				C9C325861131CB2B0044D3BC /* Primitive.m in Sources */,
				C9C325871131CB2B0044D3BC /* Quad.m in Sources */,
				C9C325891131CB2B0044D3BC /* DesignElement.m in Sources */,
				C9C3258A1131CB2B0044D3BC /* DesignSurface.m in Sources */,
				C9C3258B1131CB2B0044D3BC /* FreeElement.m in Sources */,
				C9AFF94E1131C1D3001AB3E9 /* SPFacet.m in Sources */,
				C9AFF94B1131C1CD001AB3E9 /* SparkElementView.m in Sources */,
				C9AFF94C1131C1CD001AB3E9 /* SparkOpenGLView.m in Sources */,
				C9AFF94D1131C1CD001AB3E9 /* SparkScrollView.m in Sources */,
				C9AFF9461131C1BB001AB3E9 /* GraphicalController.m in Sources */,
				C9AFF9471131C1BB001AB3E9 /* SparkCAMViewController.m in Sources */,
				C9AFF92C1131C0E9001AB3E9 /* SPProjectNode.m in Sources */,
				C9AFF9261131C077001AB3E9 /* SPViewerWindowController.m in Sources */,
				C9AFF9251131C074001AB3E9 /* SPImportWindowController.m in Sources */,
				C9AFF9241131C06B001AB3E9 /* SPWindowController.m in Sources */,
				C9AFF91E1131C043001AB3E9 /* SPViewerDocument.m in Sources */,
				C9AFF8F111319FEB001AB3E9 /* main.m in Sources */,
				C9AFF8F011319FDB001AB3E9 /* SPGerberStatement.m in Sources */,
				C9AFF8E411319FCC001AB3E9 /* SPGerberParameter.m in Sources */,
				C9AFF8E511319FCC001AB3E9 /* PFGerberFormat.m in Sources */,
				C9AFF8E611319FCC001AB3E9 /* SPGerberUnitMode.m in Sources */,
				C9AFF8E711319FCC001AB3E9 /* SPGerberOffset.m in Sources */,
				C9AFF8E811319FCC001AB3E9 /* SPGerberScaleFactor.m in Sources */,
				C9AFF8E911319FCC001AB3E9 /* SPGerberLayerName.m in Sources */,
				C9AFF8EA11319FCC001AB3E9 /* SPGerberImagePolarity.m in Sources */,
				C9AFF8EB11319FCC001AB3E9 /* SPGerberLayerPolarity.m in Sources */,
				C9AFF8EC11319FCC001AB3E9 /* PFGerberApertureDefinition.m in Sources */,
				C9AFF8ED11319FCC001AB3E9 /* PFGerberApertureMacro.m in Sources */,
				C9AFF8E311319FB3001AB3E9 /* SPGerberFunctionCode.m in Sources */,
				C9AFF8E211319FAF001AB3E9 /* SPGerberGCode.m in Sources */,
				C9AFF8E111319FAC001AB3E9 /* SPGerberDCode.m in Sources */,
				C9AFF8E011319FA9001AB3E9 /* SPGerberMCode.m in Sources */,
				C9AFF8DF11319FA2001AB3E9 /* PFGerberCoordinate.m in Sources */,
				C9219196112FB9F300401AD4 /* SparkViewerAppDelegate.m in Sources */,
				C9219197112FB9F300401AD4 /* SPGerberParser.m in Sources */,
				C9C325C11131D5F40044D3BC /* SPPCBSublayerNode.m in Sources */,
				C9C325C41131D6590044D3BC /* SPCAMTitleNode.m in Sources */,
				C9C325FE1131DEC90044D3BC /* PCBLayer.m in Sources */,
				C9C325FF1131DEC90044D3BC /* PCBSublayer.m in Sources */,
			);
			runOnlyForDeploymentPostprocessing = 0;
		};
/* End PBXSourcesBuildPhase section */

/* Begin PBXTargetDependency section */
		514EA067081EC8BF009B8CD9 /* PBXTargetDependency */ = {
			isa = PBXTargetDependency;
			target = 514E9DF8081EBF9C009B8CD9 /* Spark Spotlight Importer */;
			targetProxy = 514EA066081EC8BF009B8CD9 /* PBXContainerItemProxy */;
		};
/* End PBXTargetDependency section */

/* Begin PBXVariantGroup section */
		C921916A112FB8F400401AD4 /* Credits.rtf */ = {
			isa = PBXVariantGroup;
			children = (
				C921916B112FB8F400401AD4 /* English */,
			);
			name = Credits.rtf;
			sourceTree = "<group>";
		};
		C921916C112FB8F400401AD4 /* ImportWindow.xib */ = {
			isa = PBXVariantGroup;
			children = (
				C921916D112FB8F400401AD4 /* English */,
			);
			name = ImportWindow.xib;
			sourceTree = "<group>";
		};
		C921916E112FB8F400401AD4 /* InfoPlist.strings */ = {
			isa = PBXVariantGroup;
			children = (
				C921916F112FB8F400401AD4 /* English */,
			);
			name = InfoPlist.strings;
			sourceTree = "<group>";
		};
		C9219170112FB8F400401AD4 /* MainMenu.xib */ = {
			isa = PBXVariantGroup;
			children = (
				C9219171112FB8F400401AD4 /* English */,
			);
			name = MainMenu.xib;
			sourceTree = "<group>";
		};
		C9219172112FB8F400401AD4 /* NewComponent.xib */ = {
			isa = PBXVariantGroup;
			children = (
				C9219173112FB8F400401AD4 /* English */,
			);
			name = NewComponent.xib;
			sourceTree = "<group>";
		};
		C9219174112FB8F400401AD4 /* SparkDocument.xib */ = {
			isa = PBXVariantGroup;
			children = (
				C9219175112FB8F400401AD4 /* English */,
			);
			name = SparkDocument.xib;
			sourceTree = "<group>";
		};
		C9219176112FB8F400401AD4 /* SPViewerDocument.xib */ = {
			isa = PBXVariantGroup;
			children = (
				C9219177112FB8F400401AD4 /* English */,
			);
			name = SPViewerDocument.xib;
			sourceTree = "<group>";
		};
		C9219178112FB8F400401AD4 /* SparkViewerMainMenu.xib */ = {
			isa = PBXVariantGroup;
			children = (
				C9219179112FB8F400401AD4 /* English */,
			);
			name = SparkViewerMainMenu.xib;
			sourceTree = "<group>";
		};
/* End PBXVariantGroup section */

/* Begin XCBuildConfiguration section */
		26FC0AC70875C91100E6366F /* Debug */ = {
			isa = XCBuildConfiguration;
			buildSettings = {
				ARCHS = "$(ARCHS_STANDARD_32_64_BIT)";
				COPY_PHASE_STRIP = NO;
				GCC_DYNAMIC_NO_PIC = NO;
				GCC_ENABLE_FIX_AND_CONTINUE = YES;
				GCC_MODEL_TUNING = G5;
				GCC_OPTIMIZATION_LEVEL = 0;
				GCC_PRECOMPILE_PREFIX_HEADER = NO;
				INFOPLIST_FILE = "Importer/Importer-Info.plist";
				INSTALL_PATH = "@executable_path/../Contents/Library/Spotlight";
				LIBRARY_STYLE = BUNDLE;
				PRODUCT_NAME = Spark;
				SKIP_INSTALL = YES;
				WRAPPER_EXTENSION = mdimporter;
			};
			name = Debug;
		};
		26FC0AC80875C91100E6366F /* Release */ = {
			isa = XCBuildConfiguration;
			buildSettings = {
				DEBUG_INFORMATION_FORMAT = "dwarf-with-dsym";
				GCC_MODEL_TUNING = G5;
				GCC_PRECOMPILE_PREFIX_HEADER = NO;
				INFOPLIST_FILE = "Importer/Importer-Info.plist";
				INSTALL_PATH = "@executable_path/../Contents/Library/Spotlight";
				LIBRARY_STYLE = BUNDLE;
				PRODUCT_NAME = Spark;
				SKIP_INSTALL = YES;
				WRAPPER_EXTENSION = mdimporter;
			};
			name = Release;
		};
		26FC0ACB0875C91100E6366F /* Debug */ = {
			isa = XCBuildConfiguration;
			buildSettings = {
				ARCHS = "$(ARCHS_STANDARD_32_64_BIT)";
				COPY_PHASE_STRIP = NO;
				FRAMEWORK_SEARCH_PATHS = (
					"$(inherited)",
					"\"$(SRCROOT)/../programming/Third-Party\"",
				);
				GCC_DYNAMIC_NO_PIC = NO;
				GCC_ENABLE_FIX_AND_CONTINUE = YES;
				GCC_ENABLE_OBJC_EXCEPTIONS = YES;
				GCC_MODEL_TUNING = G5;
				GCC_OPTIMIZATION_LEVEL = 0;
				GCC_PRECOMPILE_PREFIX_HEADER = YES;
				GCC_PREFIX_HEADER = Spark_Prefix.pch;
				INFOPLIST_FILE = "Spark-Info.plist";
				INSTALL_PATH = "$(HOME)/Applications";
				PRODUCT_NAME = Spark;
				WRAPPER_EXTENSION = app;
			};
			name = Debug;
		};
		26FC0ACC0875C91100E6366F /* Release */ = {
			isa = XCBuildConfiguration;
			buildSettings = {
				DEBUG_INFORMATION_FORMAT = "dwarf-with-dsym";
				FRAMEWORK_SEARCH_PATHS = (
					"$(inherited)",
					"\"$(SRCROOT)/../programming/Third-Party\"",
				);
				GCC_ENABLE_OBJC_EXCEPTIONS = YES;
				GCC_MODEL_TUNING = G5;
				GCC_PRECOMPILE_PREFIX_HEADER = YES;
				GCC_PREFIX_HEADER = Spark_Prefix.pch;
				INFOPLIST_FILE = "Spark-Info.plist";
				INSTALL_PATH = "$(HOME)/Applications";
				PRODUCT_NAME = Spark;
				WRAPPER_EXTENSION = app;
			};
			name = Release;
		};
		26FC0ACF0875C91100E6366F /* Debug */ = {
			isa = XCBuildConfiguration;
			buildSettings = {
				ARCHS = "$(ARCHS_STANDARD_32_64_BIT)";
				GCC_C_LANGUAGE_STANDARD = gnu99;
				GCC_WARN_ABOUT_RETURN_TYPE = YES;
				GCC_WARN_UNUSED_VARIABLE = YES;
				ONLY_ACTIVE_ARCH = YES;
				PREBINDING = NO;
				SDKROOT = macosx10.6;
				VALID_ARCHS = "i386 x86_64";
			};
			name = Debug;
		};
		26FC0AD00875C91100E6366F /* Release */ = {
			isa = XCBuildConfiguration;
			buildSettings = {
				ARCHS = "$(ARCHS_STANDARD_32_64_BIT)";
				GCC_C_LANGUAGE_STANDARD = gnu99;
				GCC_WARN_ABOUT_RETURN_TYPE = YES;
				GCC_WARN_UNUSED_VARIABLE = YES;
				ONLY_ACTIVE_ARCH = NO;
				PREBINDING = NO;
				SDKROOT = macosx10.6;
				VALID_ARCHS = "i386 x86_64";
			};
			name = Release;
		};
		C9217D32111F133E00401AD4 /* Debug */ = {
			isa = XCBuildConfiguration;
			buildSettings = {
				ALWAYS_SEARCH_USER_PATHS = NO;
				COPY_PHASE_STRIP = NO;
				FRAMEWORK_SEARCH_PATHS = (
					"$(DEVELOPER_LIBRARY_DIR)/Frameworks",
					"\"$(SRCROOT)/build/Debug\"",
				);
				GCC_DYNAMIC_NO_PIC = NO;
				GCC_ENABLE_FIX_AND_CONTINUE = NO;
				GCC_ENABLE_OBJC_EXCEPTIONS = YES;
				GCC_MODEL_TUNING = G5;
				GCC_OPTIMIZATION_LEVEL = 0;
				GCC_PRECOMPILE_PREFIX_HEADER = YES;
				GCC_PREFIX_HEADER = "$(SYSTEM_LIBRARY_DIR)/Frameworks/Cocoa.framework/Headers/Cocoa.h";
				INFOPLIST_FILE = "Test/GerberParserTest/GerberParserTest-Info.plist";
				INSTALL_PATH = "$(USER_LIBRARY_DIR)/Bundles";
				OTHER_LDFLAGS = (
					"-framework",
					Cocoa,
					"-framework",
					SenTestingKit,
				);
				PREBINDING = NO;
				PRODUCT_NAME = PCBFabTest;
				WRAPPER_EXTENSION = octest;
			};
			name = Debug;
		};
		C9217D33111F133E00401AD4 /* Release */ = {
			isa = XCBuildConfiguration;
			buildSettings = {
				ALWAYS_SEARCH_USER_PATHS = NO;
				COPY_PHASE_STRIP = YES;
				DEBUG_INFORMATION_FORMAT = "dwarf-with-dsym";
				FRAMEWORK_SEARCH_PATHS = (
					"$(DEVELOPER_LIBRARY_DIR)/Frameworks",
					"\"$(SRCROOT)/build/Debug\"",
				);
				GCC_ENABLE_FIX_AND_CONTINUE = NO;
				GCC_ENABLE_OBJC_EXCEPTIONS = YES;
				GCC_MODEL_TUNING = G5;
				GCC_PRECOMPILE_PREFIX_HEADER = YES;
				GCC_PREFIX_HEADER = "$(SYSTEM_LIBRARY_DIR)/Frameworks/Cocoa.framework/Headers/Cocoa.h";
				INFOPLIST_FILE = "PCBFabTest-Info.plist";
				INSTALL_PATH = "$(USER_LIBRARY_DIR)/Bundles";
				OTHER_LDFLAGS = (
					"-framework",
					Cocoa,
					"-framework",
					SenTestingKit,
				);
				PREBINDING = NO;
				PRODUCT_NAME = PCBFabTest;
				WRAPPER_EXTENSION = octest;
				ZERO_LINK = NO;
			};
			name = Release;
		};
		C9217F621121161200401AD4 /* Debug */ = {
			isa = XCBuildConfiguration;
			buildSettings = {
				ALWAYS_SEARCH_USER_PATHS = NO;
				COPY_PHASE_STRIP = NO;
				GCC_DYNAMIC_NO_PIC = NO;
				GCC_ENABLE_FIX_AND_CONTINUE = YES;
				GCC_MODEL_TUNING = G5;
				GCC_OPTIMIZATION_LEVEL = 0;
				GCC_PRECOMPILE_PREFIX_HEADER = YES;
				GCC_PREFIX_HEADER = "$(SYSTEM_LIBRARY_DIR)/Frameworks/AppKit.framework/Headers/AppKit.h";
				INFOPLIST_FILE = "Resources/SparkViewer-Info.plist";
				INSTALL_PATH = "$(HOME)/Applications";
				OTHER_LDFLAGS = (
					"-framework",
					Foundation,
					"-framework",
					AppKit,
				);
				PREBINDING = NO;
				PRODUCT_NAME = SparkViewer;
			};
			name = Debug;
		};
		C9217F631121161200401AD4 /* Release */ = {
			isa = XCBuildConfiguration;
			buildSettings = {
				ALWAYS_SEARCH_USER_PATHS = NO;
				COPY_PHASE_STRIP = YES;
				DEBUG_INFORMATION_FORMAT = "dwarf-with-dsym";
				GCC_ENABLE_FIX_AND_CONTINUE = NO;
				GCC_MODEL_TUNING = G5;
				GCC_PRECOMPILE_PREFIX_HEADER = YES;
				GCC_PREFIX_HEADER = "$(SYSTEM_LIBRARY_DIR)/Frameworks/AppKit.framework/Headers/AppKit.h";
				INFOPLIST_FILE = "SparkViewer-Info.plist";
				INSTALL_PATH = "$(HOME)/Applications";
				OTHER_LDFLAGS = (
					"-framework",
					Foundation,
					"-framework",
					AppKit,
				);
				PREBINDING = NO;
				PRODUCT_NAME = SparkViewer;
				ZERO_LINK = NO;
			};
			name = Release;
		};
/* End XCBuildConfiguration section */

/* Begin XCConfigurationList section */
		26FC0AC60875C91100E6366F /* Build configuration list for PBXNativeTarget "Spark Spotlight Importer" */ = {
			isa = XCConfigurationList;
			buildConfigurations = (
				26FC0AC70875C91100E6366F /* Debug */,
				26FC0AC80875C91100E6366F /* Release */,
			);
			defaultConfigurationIsVisible = 0;
			defaultConfigurationName = Release;
		};
		26FC0ACA0875C91100E6366F /* Build configuration list for PBXNativeTarget "Spark" */ = {
			isa = XCConfigurationList;
			buildConfigurations = (
				26FC0ACB0875C91100E6366F /* Debug */,
				26FC0ACC0875C91100E6366F /* Release */,
			);
			defaultConfigurationIsVisible = 0;
			defaultConfigurationName = Release;
		};
		26FC0ACE0875C91100E6366F /* Build configuration list for PBXProject "Spark" */ = {
			isa = XCConfigurationList;
			buildConfigurations = (
				26FC0ACF0875C91100E6366F /* Debug */,
				26FC0AD00875C91100E6366F /* Release */,
			);
			defaultConfigurationIsVisible = 0;
			defaultConfigurationName = Release;
		};
		C9217D34111F133E00401AD4 /* Build configuration list for PBXNativeTarget "GerberParserTest" */ = {
			isa = XCConfigurationList;
			buildConfigurations = (
				C9217D32111F133E00401AD4 /* Debug */,
				C9217D33111F133E00401AD4 /* Release */,
			);
			defaultConfigurationIsVisible = 0;
			defaultConfigurationName = Release;
		};
		C9217F641121161200401AD4 /* Build configuration list for PBXNativeTarget "SparkViewer" */ = {
			isa = XCConfigurationList;
			buildConfigurations = (
				C9217F621121161200401AD4 /* Debug */,
				C9217F631121161200401AD4 /* Release */,
			);
			defaultConfigurationIsVisible = 0;
			defaultConfigurationName = Release;
		};
/* End XCConfigurationList section */
	};
	rootObject = 2A37F4A9FDCFA73011CA2CEA /* Project object */;
}
